PODS:
  - CBStoreHouseRefreshControl (1.0)
  - DZNEmptyDataSet (1.5.1)
  - FormatterKit (1.8.0):
    - FormatterKit/AddressFormatter (= 1.8.0)
    - FormatterKit/ArrayFormatter (= 1.8.0)
    - FormatterKit/ColorFormatter (= 1.8.0)
    - FormatterKit/LocationFormatter (= 1.8.0)
    - FormatterKit/NameFormatter (= 1.8.0)
    - FormatterKit/OrdinalNumberFormatter (= 1.8.0)
    - FormatterKit/TimeIntervalFormatter (= 1.8.0)
    - FormatterKit/UnitOfInformationFormatter (= 1.8.0)
    - FormatterKit/URLRequestFormatter (= 1.8.0)
  - FormatterKit/AddressFormatter (1.8.0)
  - FormatterKit/ArrayFormatter (1.8.0)
  - FormatterKit/ColorFormatter (1.8.0)
  - FormatterKit/LocationFormatter (1.8.0)
  - FormatterKit/NameFormatter (1.8.0)
  - FormatterKit/OrdinalNumberFormatter (1.8.0)
  - FormatterKit/TimeIntervalFormatter (1.8.0)
  - FormatterKit/UnitOfInformationFormatter (1.8.0)
  - FormatterKit/URLRequestFormatter (1.8.0)
  - IQKeyboardManager (3.2.0.3)
  - MBProgressHUD (0.9)
  - MKNetworkKit (0.87):
    - Reachability (~> 3.1.0)
  - OcticonsIOS (0.0.2)
  - Ono (1.2.0)
  - Reachability (3.1.1)
  - Reveal-iOS-SDK (1.5.1)
  - SDWebImage (3.7.1):
    - SDWebImage/Core (= 3.7.1)
  - SDWebImage/Core (3.7.1)
  - SSKeychain (1.2.2)
  - SVPullToRefresh (0.4.1)
  - WebViewJavascriptBridge (4.1.4)

DEPENDENCIES:
  - CBStoreHouseRefreshControl (from `git@github.com:coolbeet/CBStoreHouseRefreshControl.git`, commit `0bec93d`)
  - DZNEmptyDataSet (= 1.5.1)
  - FormatterKit (= 1.8.0)
  - IQKeyboardManager (= 3.2.0.3)
  - MBProgressHUD (= 0.9)
  - MKNetworkKit (= 0.87)
  - OcticonsIOS (from `git@github.com:jacksonh/OcticonsIOS.git`, commit `4bd3b21`)
  - Ono (= 1.2.0)
  - Reveal-iOS-SDK (= 1.5.1)
  - SDWebImage (= 3.7.1)
  - SSKeychain (= 1.2.2)
  - SVPullToRefresh (= 0.4.1)
  - WebViewJavascriptBridge (= 4.1.4)

EXTERNAL SOURCES:
  CBStoreHouseRefreshControl:
    :commit: 0bec93d
    :git: git@github.com:coolbeet/CBStoreHouseRefreshControl.git
  OcticonsIOS:
    :commit: 4bd3b21
    :git: git@github.com:jacksonh/OcticonsIOS.git

CHECKOUT OPTIONS:
  CBStoreHouseRefreshControl:
    :commit: 0bec93d
    :git: git@github.com:coolbeet/CBStoreHouseRefreshControl.git
  OcticonsIOS:
    :commit: 4bd3b21
    :git: git@github.com:jacksonh/OcticonsIOS.git

SPEC CHECKSUMS:
  CBStoreHouseRefreshControl: 0a3312cced4637d20d487df5fb314629a5044c58
  DZNEmptyDataSet: 86431f44cbd851772467d32630da1836b3c62634
  FormatterKit: 547a808c41172136a3f3acb424ac9361d38bb32f
  IQKeyboardManager: e0b33a5d821ab36ec47ce8ca9dc520030d6aac52
  MBProgressHUD: 2038dbcf3dce73215abed6001657043d53aa79a8
  MKNetworkKit: 83e6296a8d42e98a71880424a889773654846d74
  OcticonsIOS: a80bcb8f96559aa33af2c21d5717e4f700833b7b
  Ono: 2c9f6c8c50af1b40e988ff85a3f200574ee445cd
  Reachability: 8e9635e3cb4f98e7f825e51147f677ecc694d0e7
  Reveal-iOS-SDK: dcfeb671c7da222c85f18f866da2ce88de075524
  SDWebImage: 116e88633b5b416ea0ca4b334a4ac59cf72dd38d
  SSKeychain: cc48bd3ad24fcd9125adb9e0d23dd50b8bbd08b9
  SVPullToRefresh: d5161ebc833a38b465364412e5e307ca80bbb190
  WebViewJavascriptBridge: 259a6c8c67b492bd8079c9944b6866d3476e16ac

COCOAPODS: 0.35.0
