// !$*UTF8*$!
{
	archiveVersion = 1;
	classes = {
	};
	objectVersion = 46;
	objects = {

/* Begin PBXBuildFile section */
		17E6F72A511CE2C576ED098A /* libPods.a in Frameworks */ = {isa = PBXBuildFile; fileRef = E408154D3BF129981C1EFFEF /* libPods.a */; };
		240D01271A654D300033CC86 /* Images.xcassets in Resources */ = {isa = PBXBuildFile; fileRef = 240D00CA1A654D300033CC86 /* Images.xcassets */; };
		240D01281A654D300033CC86 /* OCTRepository+MRCPersistence.m in Sources */ = {isa = PBXBuildFile; fileRef = 240D00CE1A654D300033CC86 /* OCTRepository+MRCPersistence.m */; };
		240D01291A654D300033CC86 /* OCTUser+MRCPersistence.m in Sources */ = {isa = PBXBuildFile; fileRef = 240D00D01A654D300033CC86 /* OCTUser+MRCPersistence.m */; };
		240D012A1A654D300033CC86 /* MRCErrors.m in Sources */ = {isa = PBXBuildFile; fileRef = 240D00D51A654D300033CC86 /* MRCErrors.m */; };
		240D012B1A654D300033CC86 /* MRCRouter.m in Sources */ = {isa = PBXBuildFile; fileRef = 240D00D81A654D300033CC86 /* MRCRouter.m */; };
		240D012C1A654D300033CC86 /* MRCUtil.m in Sources */ = {isa = PBXBuildFile; fileRef = 240D00DA1A654D300033CC86 /* MRCUtil.m */; };
		240D012D1A654D300033CC86 /* UIImage+ImageEffects.m in Sources */ = {isa = PBXBuildFile; fileRef = 240D00DC1A654D300033CC86 /* UIImage+ImageEffects.m */; };
		240D012E1A654D300033CC86 /* MRCNavigationControllerStack.m in Sources */ = {isa = PBXBuildFile; fileRef = 240D00E01A654D300033CC86 /* MRCNavigationControllerStack.m */; };
		240D012F1A654D300033CC86 /* MRCTabBarController.m in Sources */ = {isa = PBXBuildFile; fileRef = 240D00E21A654D300033CC86 /* MRCTabBarController.m */; };
		240D01301A654D300033CC86 /* MRCTableViewController.m in Sources */ = {isa = PBXBuildFile; fileRef = 240D00E41A654D300033CC86 /* MRCTableViewController.m */; };
		240D01311A654D300033CC86 /* MRCViewController.m in Sources */ = {isa = PBXBuildFile; fileRef = 240D00E61A654D300033CC86 /* MRCViewController.m */; };
		240D01321A654D300033CC86 /* MRCButton.m in Sources */ = {isa = PBXBuildFile; fileRef = 240D00EA1A654D300033CC86 /* MRCButton.m */; };
		240D01331A654D300033CC86 /* MRCAvatarHeaderView.m in Sources */ = {isa = PBXBuildFile; fileRef = 240D00ED1A654D300033CC86 /* MRCAvatarHeaderView.m */; };
		240D01341A654D300033CC86 /* MRCAvatarHeaderView.xib in Resources */ = {isa = PBXBuildFile; fileRef = 240D00EE1A654D300033CC86 /* MRCAvatarHeaderView.xib */; };
		240D01351A654D300033CC86 /* MRCImageView.m in Sources */ = {isa = PBXBuildFile; fileRef = 240D00F11A654D300033CC86 /* MRCImageView.m */; };
		240D01361A654D300033CC86 /* MRCGistsViewController.m in Sources */ = {isa = PBXBuildFile; fileRef = 240D00F31A654D300033CC86 /* MRCGistsViewController.m */; };
		240D01371A654D300033CC86 /* MRCGistsViewController.xib in Resources */ = {isa = PBXBuildFile; fileRef = 240D00F41A654D300033CC86 /* MRCGistsViewController.xib */; };
		240D01381A654D300033CC86 /* MRCHomepageViewController.m in Sources */ = {isa = PBXBuildFile; fileRef = 240D00F61A654D300033CC86 /* MRCHomepageViewController.m */; };
		240D01391A654D300033CC86 /* MRCHomepageViewController.xib in Resources */ = {isa = PBXBuildFile; fileRef = 240D00F71A654D300033CC86 /* MRCHomepageViewController.xib */; };
		240D013A1A654D300033CC86 /* MRCLoginViewController.m in Sources */ = {isa = PBXBuildFile; fileRef = 240D00F91A654D300033CC86 /* MRCLoginViewController.m */; };
		240D013B1A654D300033CC86 /* MRCLoginViewController.xib in Resources */ = {isa = PBXBuildFile; fileRef = 240D00FA1A654D300033CC86 /* MRCLoginViewController.xib */; };
		240D013C1A654D300033CC86 /* MRCNewsViewController.m in Sources */ = {isa = PBXBuildFile; fileRef = 240D00FC1A654D300033CC86 /* MRCNewsViewController.m */; };
		240D013D1A654D300033CC86 /* MRCNewsViewController.xib in Resources */ = {isa = PBXBuildFile; fileRef = 240D00FD1A654D300033CC86 /* MRCNewsViewController.xib */; };
		240D013E1A654D300033CC86 /* MRCProfileViewController.m in Sources */ = {isa = PBXBuildFile; fileRef = 240D00FF1A654D300033CC86 /* MRCProfileViewController.m */; };
		240D013F1A654D300033CC86 /* MRCProfileViewController.xib in Resources */ = {isa = PBXBuildFile; fileRef = 240D01001A654D300033CC86 /* MRCProfileViewController.xib */; };
		240D01441A654D300033CC86 /* MRCTabBarViewModel.m in Sources */ = {isa = PBXBuildFile; fileRef = 240D010C1A654D300033CC86 /* MRCTabBarViewModel.m */; };
		240D01451A654D300033CC86 /* MRCTableViewModel.m in Sources */ = {isa = PBXBuildFile; fileRef = 240D010E1A654D300033CC86 /* MRCTableViewModel.m */; };
		240D01461A654D300033CC86 /* MRCViewModel.m in Sources */ = {isa = PBXBuildFile; fileRef = 240D01101A654D300033CC86 /* MRCViewModel.m */; };
		240D01471A654D300033CC86 /* MRCViewModelServicesImpl.m in Sources */ = {isa = PBXBuildFile; fileRef = 240D01141A654D300033CC86 /* MRCViewModelServicesImpl.m */; };
		240D01481A654D300033CC86 /* MRCAvatarHeaderViewModel.m in Sources */ = {isa = PBXBuildFile; fileRef = 240D01171A654D300033CC86 /* MRCAvatarHeaderViewModel.m */; };
		240D014A1A654D300033CC86 /* MRCGistsViewModel.m in Sources */ = {isa = PBXBuildFile; fileRef = 240D011C1A654D300033CC86 /* MRCGistsViewModel.m */; };
		240D014B1A654D300033CC86 /* MRCHomepageViewModel.m in Sources */ = {isa = PBXBuildFile; fileRef = 240D011E1A654D300033CC86 /* MRCHomepageViewModel.m */; };
		240D014C1A654D300033CC86 /* MRCLoginViewModel.m in Sources */ = {isa = PBXBuildFile; fileRef = 240D01201A654D300033CC86 /* MRCLoginViewModel.m */; };
		240D014D1A654D300033CC86 /* MRCNewsViewModel.m in Sources */ = {isa = PBXBuildFile; fileRef = 240D01221A654D300033CC86 /* MRCNewsViewModel.m */; };
		240D014E1A654D300033CC86 /* MRCProfileViewModel.m in Sources */ = {isa = PBXBuildFile; fileRef = 240D01241A654D300033CC86 /* MRCProfileViewModel.m */; };
		240D01521A654D3D0033CC86 /* MRCAppDelegate.m in Sources */ = {isa = PBXBuildFile; fileRef = 240D01511A654D3D0033CC86 /* MRCAppDelegate.m */; };
		242D4FDB1A64B6FA0026ABC6 /* main.m in Sources */ = {isa = PBXBuildFile; fileRef = 242D4FDA1A64B6FA0026ABC6 /* main.m */; };
		242D4FE91A64B6FA0026ABC6 /* LaunchScreen.xib in Resources */ = {isa = PBXBuildFile; fileRef = 242D4FE71A64B6FA0026ABC6 /* LaunchScreen.xib */; };
		242D4FF51A64B6FA0026ABC6 /* MVVMReactiveCocoaTests.m in Sources */ = {isa = PBXBuildFile; fileRef = 242D4FF41A64B6FA0026ABC6 /* MVVMReactiveCocoaTests.m */; };
		242D83581A7A5B0300F5F424 /* MRCSelectBranchViewController.m in Sources */ = {isa = PBXBuildFile; fileRef = 242D83561A7A5B0300F5F424 /* MRCSelectBranchViewController.m */; };
		242D83591A7A5B0300F5F424 /* MRCSelectBranchViewController.xib in Resources */ = {isa = PBXBuildFile; fileRef = 242D83571A7A5B0300F5F424 /* MRCSelectBranchViewController.xib */; };
		242D835C1A7A5B3B00F5F424 /* MRCSelectBranchViewModel.m in Sources */ = {isa = PBXBuildFile; fileRef = 242D835B1A7A5B3B00F5F424 /* MRCSelectBranchViewModel.m */; };
		242D83651A7A7E1300F5F424 /* MRCGitTreeViewController.m in Sources */ = {isa = PBXBuildFile; fileRef = 242D83631A7A7E1300F5F424 /* MRCGitTreeViewController.m */; };
		242D83661A7A7E1300F5F424 /* MRCGitTreeViewController.xib in Resources */ = {isa = PBXBuildFile; fileRef = 242D83641A7A7E1300F5F424 /* MRCGitTreeViewController.xib */; };
		242D83691A7A7E4800F5F424 /* MRCGitTreeViewModel.m in Sources */ = {isa = PBXBuildFile; fileRef = 242D83681A7A7E4800F5F424 /* MRCGitTreeViewModel.m */; };
		24497BF21A6EAE770073B1D6 /* OCTObject+MRCPersistence.m in Sources */ = {isa = PBXBuildFile; fileRef = 24497BF11A6EAE770073B1D6 /* OCTObject+MRCPersistence.m */; };
		2483A4521A69559000BA0594 /* UIImage+MRCOcticons.m in Sources */ = {isa = PBXBuildFile; fileRef = 2483A4511A69559000BA0594 /* UIImage+MRCOcticons.m */; };
		249674321A73F5490032771B /* MRCWebViewController.m in Sources */ = {isa = PBXBuildFile; fileRef = 249674301A73F5490032771B /* MRCWebViewController.m */; };
		249674331A73F5490032771B /* MRCWebViewController.xib in Resources */ = {isa = PBXBuildFile; fileRef = 249674311A73F5490032771B /* MRCWebViewController.xib */; };
		249674361A73F5650032771B /* MRCWebViewModel.m in Sources */ = {isa = PBXBuildFile; fileRef = 249674351A73F5650032771B /* MRCWebViewModel.m */; };
		249F34F81A72A197008F1C2A /* UIView+Borders.m in Sources */ = {isa = PBXBuildFile; fileRef = 249F34F71A72A197008F1C2A /* UIView+Borders.m */; };
		249F35021A72A1A0008F1C2A /* MRCRepoReadmeTableViewCell.m in Sources */ = {isa = PBXBuildFile; fileRef = 249F34FA1A72A1A0008F1C2A /* MRCRepoReadmeTableViewCell.m */; };
		249F35031A72A1A0008F1C2A /* MRCRepoReadmeTableViewCell.xib in Resources */ = {isa = PBXBuildFile; fileRef = 249F34FB1A72A1A0008F1C2A /* MRCRepoReadmeTableViewCell.xib */; };
		249F35041A72A1A0008F1C2A /* MRCRepoStatisticsTableViewCell.m in Sources */ = {isa = PBXBuildFile; fileRef = 249F34FD1A72A1A0008F1C2A /* MRCRepoStatisticsTableViewCell.m */; };
		249F35051A72A1A0008F1C2A /* MRCRepoStatisticsTableViewCell.xib in Resources */ = {isa = PBXBuildFile; fileRef = 249F34FE1A72A1A0008F1C2A /* MRCRepoStatisticsTableViewCell.xib */; };
		249F35061A72A1A0008F1C2A /* MRCRepoViewCodeTableViewCell.m in Sources */ = {isa = PBXBuildFile; fileRef = 249F35001A72A1A0008F1C2A /* MRCRepoViewCodeTableViewCell.m */; };
		249F35071A72A1A0008F1C2A /* MRCRepoViewCodeTableViewCell.xib in Resources */ = {isa = PBXBuildFile; fileRef = 249F35011A72A1A0008F1C2A /* MRCRepoViewCodeTableViewCell.xib */; };
		24A28A9C1A75D91D005235C5 /* OctoKit.framework in Frameworks */ = {isa = PBXBuildFile; fileRef = 242D4FFF1A64BD730026ABC6 /* OctoKit.framework */; };
		24A28A9E1A75D936005235C5 /* ReactiveCocoa.framework in Frameworks */ = {isa = PBXBuildFile; fileRef = 24A28A9D1A75D936005235C5 /* ReactiveCocoa.framework */; };
		24A28AA01A75D947005235C5 /* Mantle.framework in Frameworks */ = {isa = PBXBuildFile; fileRef = 24A28A9F1A75D947005235C5 /* Mantle.framework */; };
		24A28AA21A75D957005235C5 /* AFNetworking.framework in Frameworks */ = {isa = PBXBuildFile; fileRef = 24A28AA11A75D957005235C5 /* AFNetworking.framework */; };
		24A28AA41A75D964005235C5 /* ISO8601DateFormatter.framework in Frameworks */ = {isa = PBXBuildFile; fileRef = 24A28AA31A75D964005235C5 /* ISO8601DateFormatter.framework */; };
		24A28AE71A767F92005235C5 /* libMMMarkdown-iOS.a in Frameworks */ = {isa = PBXBuildFile; fileRef = 24A28AE61A767F92005235C5 /* libMMMarkdown-iOS.a */; };
		24A28AEC1A768929005235C5 /* MRCRepoReadmeController.m in Sources */ = {isa = PBXBuildFile; fileRef = 24A28AEA1A768929005235C5 /* MRCRepoReadmeController.m */; };
		24A28AED1A768929005235C5 /* MRCRepoReadmeController.xib in Resources */ = {isa = PBXBuildFile; fileRef = 24A28AEB1A768929005235C5 /* MRCRepoReadmeController.xib */; };
		24A28AF01A768949005235C5 /* MRCRepoReadmeViewModel.m in Sources */ = {isa = PBXBuildFile; fileRef = 24A28AEF1A768949005235C5 /* MRCRepoReadmeViewModel.m */; };
		24B4DA151A66B97900DDFA6C /* MRCReposTableViewCell.m in Sources */ = {isa = PBXBuildFile; fileRef = 24B4DA131A66B97900DDFA6C /* MRCReposTableViewCell.m */; };
		24B4DA161A66B97900DDFA6C /* MRCReposTableViewCell.xib in Resources */ = {isa = PBXBuildFile; fileRef = 24B4DA141A66B97900DDFA6C /* MRCReposTableViewCell.xib */; };
		24B4DA1A1A66C1DD00DDFA6C /* MRCReposItemViewModel.m in Sources */ = {isa = PBXBuildFile; fileRef = 24B4DA191A66C1DD00DDFA6C /* MRCReposItemViewModel.m */; };
		24D32F0C1A77C879008E3994 /* MRCRepositoryServiceImpl.m in Sources */ = {isa = PBXBuildFile; fileRef = 24D32F0B1A77C879008E3994 /* MRCRepositoryServiceImpl.m */; };
		24DF45631A6B8BA500F23474 /* MRCRepoDetailViewController.m in Sources */ = {isa = PBXBuildFile; fileRef = 24DF45611A6B8BA500F23474 /* MRCRepoDetailViewController.m */; };
		24DF45641A6B8BA500F23474 /* MRCRepoDetailViewController.xib in Resources */ = {isa = PBXBuildFile; fileRef = 24DF45621A6B8BA500F23474 /* MRCRepoDetailViewController.xib */; };
		24DF45671A6B8BC800F23474 /* MRCRepoDetailViewModel.m in Sources */ = {isa = PBXBuildFile; fileRef = 24DF45661A6B8BC800F23474 /* MRCRepoDetailViewModel.m */; };
		24DF45691A6BBA5200F23474 /* storehouse.plist in Resources */ = {isa = PBXBuildFile; fileRef = 24DF45681A6BBA5200F23474 /* storehouse.plist */; };
		24DF456D1A6BE8E600F23474 /* MRCOwnedReposViewController.m in Sources */ = {isa = PBXBuildFile; fileRef = 24DF456B1A6BE8E600F23474 /* MRCOwnedReposViewController.m */; };
		24DF456E1A6BE8E600F23474 /* MRCOwnedReposViewController.xib in Resources */ = {isa = PBXBuildFile; fileRef = 24DF456C1A6BE8E600F23474 /* MRCOwnedReposViewController.xib */; };
		24DF45721A6BE8FB00F23474 /* MRCStarredReposViewController.m in Sources */ = {isa = PBXBuildFile; fileRef = 24DF45701A6BE8FB00F23474 /* MRCStarredReposViewController.m */; };
		24DF45731A6BE8FB00F23474 /* MRCStarredReposViewController.xib in Resources */ = {isa = PBXBuildFile; fileRef = 24DF45711A6BE8FB00F23474 /* MRCStarredReposViewController.xib */; };
		24DF45821A6BF01A00F23474 /* MRCSegmentedControlViewModel.m in Sources */ = {isa = PBXBuildFile; fileRef = 24DF45811A6BF01A00F23474 /* MRCSegmentedControlViewModel.m */; };
		24DF45851A6BF04B00F23474 /* MRCSegmentedControlController.m in Sources */ = {isa = PBXBuildFile; fileRef = 24DF45841A6BF04B00F23474 /* MRCSegmentedControlController.m */; };
		24DF45891A6BF6CD00F23474 /* MRCReposViewController.m in Sources */ = {isa = PBXBuildFile; fileRef = 24DF45871A6BF6CD00F23474 /* MRCReposViewController.m */; };
		24DF458A1A6BF6CD00F23474 /* MRCReposViewController.xib in Resources */ = {isa = PBXBuildFile; fileRef = 24DF45881A6BF6CD00F23474 /* MRCReposViewController.xib */; };
		24DF458D1A6BF6EC00F23474 /* MRCReposViewModel.m in Sources */ = {isa = PBXBuildFile; fileRef = 24DF458C1A6BF6EC00F23474 /* MRCReposViewModel.m */; };
		24DF45901A6BF96B00F23474 /* MRCOwnedReposViewModel.m in Sources */ = {isa = PBXBuildFile; fileRef = 24DF458F1A6BF96B00F23474 /* MRCOwnedReposViewModel.m */; };
		24DF45931A6BF97C00F23474 /* MRCStarredReposViewModel.m in Sources */ = {isa = PBXBuildFile; fileRef = 24DF45921A6BF97C00F23474 /* MRCStarredReposViewModel.m */; };
		55C1332CC55A71EEC19CAF90 /* libPods.a in Frameworks */ = {isa = PBXBuildFile; fileRef = E408154D3BF129981C1EFFEF /* libPods.a */; };
/* End PBXBuildFile section */

/* Begin PBXContainerItemProxy section */
		242D4FEF1A64B6FA0026ABC6 /* PBXContainerItemProxy */ = {
			isa = PBXContainerItemProxy;
			containerPortal = 242D4FCD1A64B6FA0026ABC6 /* Project object */;
			proxyType = 1;
			remoteGlobalIDString = 242D4FD41A64B6FA0026ABC6;
			remoteInfo = MVVMReactiveCocoa;
		};
/* End PBXContainerItemProxy section */

/* Begin PBXCopyFilesBuildPhase section */
		24A28AF11A772763005235C5 /* CopyFiles */ = {
			isa = PBXCopyFilesBuildPhase;
			buildActionMask = 2147483647;
			dstPath = "";
			dstSubfolderSpec = 10;
			files = (
			);
			runOnlyForDeploymentPostprocessing = 0;
		};
/* End PBXCopyFilesBuildPhase section */

/* Begin PBXFileReference section */
		240D00CA1A654D300033CC86 /* Images.xcassets */ = {isa = PBXFileReference; lastKnownFileType = folder.assetcatalog; path = Images.xcassets; sourceTree = "<group>"; };
		240D00CC1A654D300033CC86 /* MRCPersistenceProtocol.h */ = {isa = PBXFileReference; fileEncoding = 4; lastKnownFileType = sourcecode.c.h; path = MRCPersistenceProtocol.h; sourceTree = "<group>"; };
		240D00CD1A654D300033CC86 /* OCTRepository+MRCPersistence.h */ = {isa = PBXFileReference; fileEncoding = 4; lastKnownFileType = sourcecode.c.h; path = "OCTRepository+MRCPersistence.h"; sourceTree = "<group>"; };
		240D00CE1A654D300033CC86 /* OCTRepository+MRCPersistence.m */ = {isa = PBXFileReference; fileEncoding = 4; lastKnownFileType = sourcecode.c.objc; path = "OCTRepository+MRCPersistence.m"; sourceTree = "<group>"; };
		240D00CF1A654D300033CC86 /* OCTUser+MRCPersistence.h */ = {isa = PBXFileReference; fileEncoding = 4; lastKnownFileType = sourcecode.c.h; path = "OCTUser+MRCPersistence.h"; sourceTree = "<group>"; };
		240D00D01A654D300033CC86 /* OCTUser+MRCPersistence.m */ = {isa = PBXFileReference; fileEncoding = 4; lastKnownFileType = sourcecode.c.objc; path = "OCTUser+MRCPersistence.m"; sourceTree = "<group>"; };
		240D00D21A654D300033CC86 /* MRCConfig.h */ = {isa = PBXFileReference; fileEncoding = 4; lastKnownFileType = sourcecode.c.h; path = MRCConfig.h; sourceTree = "<group>"; };
		240D00D31A654D300033CC86 /* MRCConstant.h */ = {isa = PBXFileReference; fileEncoding = 4; lastKnownFileType = sourcecode.c.h; path = MRCConstant.h; sourceTree = "<group>"; };
		240D00D41A654D300033CC86 /* MRCErrors.h */ = {isa = PBXFileReference; fileEncoding = 4; lastKnownFileType = sourcecode.c.h; path = MRCErrors.h; sourceTree = "<group>"; };
		240D00D51A654D300033CC86 /* MRCErrors.m */ = {isa = PBXFileReference; fileEncoding = 4; lastKnownFileType = sourcecode.c.objc; path = MRCErrors.m; sourceTree = "<group>"; };
		240D00D61A654D300033CC86 /* MRCReactiveView.h */ = {isa = PBXFileReference; fileEncoding = 4; lastKnownFileType = sourcecode.c.h; path = MRCReactiveView.h; sourceTree = "<group>"; };
		240D00D71A654D300033CC86 /* MRCRouter.h */ = {isa = PBXFileReference; fileEncoding = 4; lastKnownFileType = sourcecode.c.h; path = MRCRouter.h; sourceTree = "<group>"; };
		240D00D81A654D300033CC86 /* MRCRouter.m */ = {isa = PBXFileReference; fileEncoding = 4; lastKnownFileType = sourcecode.c.objc; path = MRCRouter.m; sourceTree = "<group>"; };
		240D00D91A654D300033CC86 /* MRCUtil.h */ = {isa = PBXFileReference; fileEncoding = 4; lastKnownFileType = sourcecode.c.h; path = MRCUtil.h; sourceTree = "<group>"; };
		240D00DA1A654D300033CC86 /* MRCUtil.m */ = {isa = PBXFileReference; fileEncoding = 4; lastKnownFileType = sourcecode.c.objc; path = MRCUtil.m; sourceTree = "<group>"; };
		240D00DB1A654D300033CC86 /* UIImage+ImageEffects.h */ = {isa = PBXFileReference; fileEncoding = 4; lastKnownFileType = sourcecode.c.h; path = "UIImage+ImageEffects.h"; sourceTree = "<group>"; };
		240D00DC1A654D300033CC86 /* UIImage+ImageEffects.m */ = {isa = PBXFileReference; fileEncoding = 4; lastKnownFileType = sourcecode.c.objc; path = "UIImage+ImageEffects.m"; sourceTree = "<group>"; };
		240D00DF1A654D300033CC86 /* MRCNavigationControllerStack.h */ = {isa = PBXFileReference; fileEncoding = 4; lastKnownFileType = sourcecode.c.h; path = MRCNavigationControllerStack.h; sourceTree = "<group>"; };
		240D00E01A654D300033CC86 /* MRCNavigationControllerStack.m */ = {isa = PBXFileReference; fileEncoding = 4; lastKnownFileType = sourcecode.c.objc; path = MRCNavigationControllerStack.m; sourceTree = "<group>"; };
		240D00E11A654D300033CC86 /* MRCTabBarController.h */ = {isa = PBXFileReference; fileEncoding = 4; lastKnownFileType = sourcecode.c.h; path = MRCTabBarController.h; sourceTree = "<group>"; };
		240D00E21A654D300033CC86 /* MRCTabBarController.m */ = {isa = PBXFileReference; fileEncoding = 4; lastKnownFileType = sourcecode.c.objc; path = MRCTabBarController.m; sourceTree = "<group>"; };
		240D00E31A654D300033CC86 /* MRCTableViewController.h */ = {isa = PBXFileReference; fileEncoding = 4; lastKnownFileType = sourcecode.c.h; path = MRCTableViewController.h; sourceTree = "<group>"; };
		240D00E41A654D300033CC86 /* MRCTableViewController.m */ = {isa = PBXFileReference; fileEncoding = 4; lastKnownFileType = sourcecode.c.objc; path = MRCTableViewController.m; sourceTree = "<group>"; };
		240D00E51A654D300033CC86 /* MRCViewController.h */ = {isa = PBXFileReference; fileEncoding = 4; lastKnownFileType = sourcecode.c.h; path = MRCViewController.h; sourceTree = "<group>"; };
		240D00E61A654D300033CC86 /* MRCViewController.m */ = {isa = PBXFileReference; fileEncoding = 4; lastKnownFileType = sourcecode.c.objc; path = MRCViewController.m; sourceTree = "<group>"; };
		240D00E71A654D300033CC86 /* MRCViewProtocol.h */ = {isa = PBXFileReference; fileEncoding = 4; lastKnownFileType = sourcecode.c.h; path = MRCViewProtocol.h; sourceTree = "<group>"; };
		240D00E91A654D300033CC86 /* MRCButton.h */ = {isa = PBXFileReference; fileEncoding = 4; lastKnownFileType = sourcecode.c.h; path = MRCButton.h; sourceTree = "<group>"; };
		240D00EA1A654D300033CC86 /* MRCButton.m */ = {isa = PBXFileReference; fileEncoding = 4; lastKnownFileType = sourcecode.c.objc; path = MRCButton.m; sourceTree = "<group>"; };
		240D00EC1A654D300033CC86 /* MRCAvatarHeaderView.h */ = {isa = PBXFileReference; fileEncoding = 4; lastKnownFileType = sourcecode.c.h; path = MRCAvatarHeaderView.h; sourceTree = "<group>"; };
		240D00ED1A654D300033CC86 /* MRCAvatarHeaderView.m */ = {isa = PBXFileReference; fileEncoding = 4; lastKnownFileType = sourcecode.c.objc; path = MRCAvatarHeaderView.m; sourceTree = "<group>"; };
		240D00EE1A654D300033CC86 /* MRCAvatarHeaderView.xib */ = {isa = PBXFileReference; fileEncoding = 4; lastKnownFileType = file.xib; path = MRCAvatarHeaderView.xib; sourceTree = "<group>"; };
		240D00F01A654D300033CC86 /* MRCImageView.h */ = {isa = PBXFileReference; fileEncoding = 4; lastKnownFileType = sourcecode.c.h; path = MRCImageView.h; sourceTree = "<group>"; };
		240D00F11A654D300033CC86 /* MRCImageView.m */ = {isa = PBXFileReference; fileEncoding = 4; lastKnownFileType = sourcecode.c.objc; path = MRCImageView.m; sourceTree = "<group>"; };
		240D00F21A654D300033CC86 /* MRCGistsViewController.h */ = {isa = PBXFileReference; fileEncoding = 4; lastKnownFileType = sourcecode.c.h; path = MRCGistsViewController.h; sourceTree = "<group>"; };
		240D00F31A654D300033CC86 /* MRCGistsViewController.m */ = {isa = PBXFileReference; fileEncoding = 4; lastKnownFileType = sourcecode.c.objc; path = MRCGistsViewController.m; sourceTree = "<group>"; };
		240D00F41A654D300033CC86 /* MRCGistsViewController.xib */ = {isa = PBXFileReference; fileEncoding = 4; lastKnownFileType = file.xib; path = MRCGistsViewController.xib; sourceTree = "<group>"; };
		240D00F51A654D300033CC86 /* MRCHomepageViewController.h */ = {isa = PBXFileReference; fileEncoding = 4; lastKnownFileType = sourcecode.c.h; path = MRCHomepageViewController.h; sourceTree = "<group>"; };
		240D00F61A654D300033CC86 /* MRCHomepageViewController.m */ = {isa = PBXFileReference; fileEncoding = 4; lastKnownFileType = sourcecode.c.objc; path = MRCHomepageViewController.m; sourceTree = "<group>"; };
		240D00F71A654D300033CC86 /* MRCHomepageViewController.xib */ = {isa = PBXFileReference; fileEncoding = 4; lastKnownFileType = file.xib; path = MRCHomepageViewController.xib; sourceTree = "<group>"; };
		240D00F81A654D300033CC86 /* MRCLoginViewController.h */ = {isa = PBXFileReference; fileEncoding = 4; lastKnownFileType = sourcecode.c.h; path = MRCLoginViewController.h; sourceTree = "<group>"; };
		240D00F91A654D300033CC86 /* MRCLoginViewController.m */ = {isa = PBXFileReference; fileEncoding = 4; lastKnownFileType = sourcecode.c.objc; path = MRCLoginViewController.m; sourceTree = "<group>"; };
		240D00FA1A654D300033CC86 /* MRCLoginViewController.xib */ = {isa = PBXFileReference; fileEncoding = 4; lastKnownFileType = file.xib; path = MRCLoginViewController.xib; sourceTree = "<group>"; };
		240D00FB1A654D300033CC86 /* MRCNewsViewController.h */ = {isa = PBXFileReference; fileEncoding = 4; lastKnownFileType = sourcecode.c.h; path = MRCNewsViewController.h; sourceTree = "<group>"; };
		240D00FC1A654D300033CC86 /* MRCNewsViewController.m */ = {isa = PBXFileReference; fileEncoding = 4; lastKnownFileType = sourcecode.c.objc; path = MRCNewsViewController.m; sourceTree = "<group>"; };
		240D00FD1A654D300033CC86 /* MRCNewsViewController.xib */ = {isa = PBXFileReference; fileEncoding = 4; lastKnownFileType = file.xib; path = MRCNewsViewController.xib; sourceTree = "<group>"; };
		240D00FE1A654D300033CC86 /* MRCProfileViewController.h */ = {isa = PBXFileReference; fileEncoding = 4; lastKnownFileType = sourcecode.c.h; path = MRCProfileViewController.h; sourceTree = "<group>"; };
		240D00FF1A654D300033CC86 /* MRCProfileViewController.m */ = {isa = PBXFileReference; fileEncoding = 4; lastKnownFileType = sourcecode.c.objc; path = MRCProfileViewController.m; sourceTree = "<group>"; };
		240D01001A654D300033CC86 /* MRCProfileViewController.xib */ = {isa = PBXFileReference; fileEncoding = 4; lastKnownFileType = file.xib; path = MRCProfileViewController.xib; sourceTree = "<group>"; };
		240D010A1A654D300033CC86 /* MRCNavigationProtocol.h */ = {isa = PBXFileReference; fileEncoding = 4; lastKnownFileType = sourcecode.c.h; path = MRCNavigationProtocol.h; sourceTree = "<group>"; };
		240D010B1A654D300033CC86 /* MRCTabBarViewModel.h */ = {isa = PBXFileReference; fileEncoding = 4; lastKnownFileType = sourcecode.c.h; path = MRCTabBarViewModel.h; sourceTree = "<group>"; };
		240D010C1A654D300033CC86 /* MRCTabBarViewModel.m */ = {isa = PBXFileReference; fileEncoding = 4; lastKnownFileType = sourcecode.c.objc; path = MRCTabBarViewModel.m; sourceTree = "<group>"; };
		240D010D1A654D300033CC86 /* MRCTableViewModel.h */ = {isa = PBXFileReference; fileEncoding = 4; lastKnownFileType = sourcecode.c.h; path = MRCTableViewModel.h; sourceTree = "<group>"; };
		240D010E1A654D300033CC86 /* MRCTableViewModel.m */ = {isa = PBXFileReference; fileEncoding = 4; lastKnownFileType = sourcecode.c.objc; path = MRCTableViewModel.m; sourceTree = "<group>"; };
		240D010F1A654D300033CC86 /* MRCViewModel.h */ = {isa = PBXFileReference; fileEncoding = 4; lastKnownFileType = sourcecode.c.h; path = MRCViewModel.h; sourceTree = "<group>"; };
		240D01101A654D300033CC86 /* MRCViewModel.m */ = {isa = PBXFileReference; fileEncoding = 4; lastKnownFileType = sourcecode.c.objc; path = MRCViewModel.m; sourceTree = "<group>"; };
		240D01111A654D300033CC86 /* MRCViewModelProtocol.h */ = {isa = PBXFileReference; fileEncoding = 4; lastKnownFileType = sourcecode.c.h; path = MRCViewModelProtocol.h; sourceTree = "<group>"; };
		240D01121A654D300033CC86 /* MRCViewModelServices.h */ = {isa = PBXFileReference; fileEncoding = 4; lastKnownFileType = sourcecode.c.h; path = MRCViewModelServices.h; sourceTree = "<group>"; };
		240D01131A654D300033CC86 /* MRCViewModelServicesImpl.h */ = {isa = PBXFileReference; fileEncoding = 4; lastKnownFileType = sourcecode.c.h; path = MRCViewModelServicesImpl.h; sourceTree = "<group>"; };
		240D01141A654D300033CC86 /* MRCViewModelServicesImpl.m */ = {isa = PBXFileReference; fileEncoding = 4; lastKnownFileType = sourcecode.c.objc; path = MRCViewModelServicesImpl.m; sourceTree = "<group>"; };
		240D01161A654D300033CC86 /* MRCAvatarHeaderViewModel.h */ = {isa = PBXFileReference; fileEncoding = 4; lastKnownFileType = sourcecode.c.h; path = MRCAvatarHeaderViewModel.h; sourceTree = "<group>"; };
		240D01171A654D300033CC86 /* MRCAvatarHeaderViewModel.m */ = {isa = PBXFileReference; fileEncoding = 4; lastKnownFileType = sourcecode.c.objc; path = MRCAvatarHeaderViewModel.m; sourceTree = "<group>"; };
		240D011B1A654D300033CC86 /* MRCGistsViewModel.h */ = {isa = PBXFileReference; fileEncoding = 4; lastKnownFileType = sourcecode.c.h; path = MRCGistsViewModel.h; sourceTree = "<group>"; };
		240D011C1A654D300033CC86 /* MRCGistsViewModel.m */ = {isa = PBXFileReference; fileEncoding = 4; lastKnownFileType = sourcecode.c.objc; path = MRCGistsViewModel.m; sourceTree = "<group>"; };
		240D011D1A654D300033CC86 /* MRCHomepageViewModel.h */ = {isa = PBXFileReference; fileEncoding = 4; lastKnownFileType = sourcecode.c.h; path = MRCHomepageViewModel.h; sourceTree = "<group>"; };
		240D011E1A654D300033CC86 /* MRCHomepageViewModel.m */ = {isa = PBXFileReference; fileEncoding = 4; lastKnownFileType = sourcecode.c.objc; path = MRCHomepageViewModel.m; sourceTree = "<group>"; };
		240D011F1A654D300033CC86 /* MRCLoginViewModel.h */ = {isa = PBXFileReference; fileEncoding = 4; lastKnownFileType = sourcecode.c.h; path = MRCLoginViewModel.h; sourceTree = "<group>"; };
		240D01201A654D300033CC86 /* MRCLoginViewModel.m */ = {isa = PBXFileReference; fileEncoding = 4; lastKnownFileType = sourcecode.c.objc; path = MRCLoginViewModel.m; sourceTree = "<group>"; };
		240D01211A654D300033CC86 /* MRCNewsViewModel.h */ = {isa = PBXFileReference; fileEncoding = 4; lastKnownFileType = sourcecode.c.h; path = MRCNewsViewModel.h; sourceTree = "<group>"; };
		240D01221A654D300033CC86 /* MRCNewsViewModel.m */ = {isa = PBXFileReference; fileEncoding = 4; lastKnownFileType = sourcecode.c.objc; path = MRCNewsViewModel.m; sourceTree = "<group>"; };
		240D01231A654D300033CC86 /* MRCProfileViewModel.h */ = {isa = PBXFileReference; fileEncoding = 4; lastKnownFileType = sourcecode.c.h; path = MRCProfileViewModel.h; sourceTree = "<group>"; };
		240D01241A654D300033CC86 /* MRCProfileViewModel.m */ = {isa = PBXFileReference; fileEncoding = 4; lastKnownFileType = sourcecode.c.objc; path = MRCProfileViewModel.m; sourceTree = "<group>"; };
		240D01501A654D3D0033CC86 /* MRCAppDelegate.h */ = {isa = PBXFileReference; fileEncoding = 4; lastKnownFileType = sourcecode.c.h; path = MRCAppDelegate.h; sourceTree = "<group>"; };
		240D01511A654D3D0033CC86 /* MRCAppDelegate.m */ = {isa = PBXFileReference; fileEncoding = 4; lastKnownFileType = sourcecode.c.objc; path = MRCAppDelegate.m; sourceTree = "<group>"; };
		240D01541A654D9C0033CC86 /* MVVMReactiveCocoa-Prefix.pch */ = {isa = PBXFileReference; fileEncoding = 4; lastKnownFileType = sourcecode.c.h; path = "MVVMReactiveCocoa-Prefix.pch"; sourceTree = "<group>"; };
		241545D51A67F3CF007AFD5B /* CoreGraphics.framework */ = {isa = PBXFileReference; lastKnownFileType = wrapper.framework; name = CoreGraphics.framework; path = System/Library/Frameworks/CoreGraphics.framework; sourceTree = SDKROOT; };
		241545D71A67F3EF007AFD5B /* UIKit.framework */ = {isa = PBXFileReference; lastKnownFileType = wrapper.framework; name = UIKit.framework; path = System/Library/Frameworks/UIKit.framework; sourceTree = SDKROOT; };
		241545D91A67F3F4007AFD5B /* Foundation.framework */ = {isa = PBXFileReference; lastKnownFileType = wrapper.framework; name = Foundation.framework; path = System/Library/Frameworks/Foundation.framework; sourceTree = SDKROOT; };
		242D4FD51A64B6FA0026ABC6 /* MVVMReactiveCocoa.app */ = {isa = PBXFileReference; explicitFileType = wrapper.application; includeInIndex = 0; path = MVVMReactiveCocoa.app; sourceTree = BUILT_PRODUCTS_DIR; };
		242D4FD91A64B6FA0026ABC6 /* Info.plist */ = {isa = PBXFileReference; lastKnownFileType = text.plist.xml; path = Info.plist; sourceTree = "<group>"; };
		242D4FDA1A64B6FA0026ABC6 /* main.m */ = {isa = PBXFileReference; lastKnownFileType = sourcecode.c.objc; path = main.m; sourceTree = "<group>"; };
		242D4FE81A64B6FA0026ABC6 /* Base */ = {isa = PBXFileReference; lastKnownFileType = file.xib; name = Base; path = Base.lproj/LaunchScreen.xib; sourceTree = "<group>"; };
		242D4FEE1A64B6FA0026ABC6 /* MVVMReactiveCocoaTests.xctest */ = {isa = PBXFileReference; explicitFileType = wrapper.cfbundle; includeInIndex = 0; path = MVVMReactiveCocoaTests.xctest; sourceTree = BUILT_PRODUCTS_DIR; };
		242D4FF31A64B6FA0026ABC6 /* Info.plist */ = {isa = PBXFileReference; lastKnownFileType = text.plist.xml; path = Info.plist; sourceTree = "<group>"; };
		242D4FF41A64B6FA0026ABC6 /* MVVMReactiveCocoaTests.m */ = {isa = PBXFileReference; lastKnownFileType = sourcecode.c.objc; path = MVVMReactiveCocoaTests.m; sourceTree = "<group>"; };
		242D4FFF1A64BD730026ABC6 /* OctoKit.framework */ = {isa = PBXFileReference; lastKnownFileType = wrapper.framework; name = OctoKit.framework; path = "../../../Library/Developer/Xcode/DerivedData/MVVMReactiveCocoa-dkjcswigkwolokaimgekabgjuzne/Build/Products/Debug/OctoKit.framework"; sourceTree = "<group>"; };
		242D83551A7A5B0300F5F424 /* MRCSelectBranchViewController.h */ = {isa = PBXFileReference; fileEncoding = 4; lastKnownFileType = sourcecode.c.h; path = MRCSelectBranchViewController.h; sourceTree = "<group>"; };
		242D83561A7A5B0300F5F424 /* MRCSelectBranchViewController.m */ = {isa = PBXFileReference; fileEncoding = 4; lastKnownFileType = sourcecode.c.objc; path = MRCSelectBranchViewController.m; sourceTree = "<group>"; };
		242D83571A7A5B0300F5F424 /* MRCSelectBranchViewController.xib */ = {isa = PBXFileReference; fileEncoding = 4; lastKnownFileType = file.xib; path = MRCSelectBranchViewController.xib; sourceTree = "<group>"; };
		242D835A1A7A5B3B00F5F424 /* MRCSelectBranchViewModel.h */ = {isa = PBXFileReference; fileEncoding = 4; lastKnownFileType = sourcecode.c.h; path = MRCSelectBranchViewModel.h; sourceTree = "<group>"; };
		242D835B1A7A5B3B00F5F424 /* MRCSelectBranchViewModel.m */ = {isa = PBXFileReference; fileEncoding = 4; lastKnownFileType = sourcecode.c.objc; path = MRCSelectBranchViewModel.m; sourceTree = "<group>"; };
		242D83621A7A7E1200F5F424 /* MRCGitTreeViewController.h */ = {isa = PBXFileReference; fileEncoding = 4; lastKnownFileType = sourcecode.c.h; path = MRCGitTreeViewController.h; sourceTree = "<group>"; };
		242D83631A7A7E1300F5F424 /* MRCGitTreeViewController.m */ = {isa = PBXFileReference; fileEncoding = 4; lastKnownFileType = sourcecode.c.objc; path = MRCGitTreeViewController.m; sourceTree = "<group>"; };
		242D83641A7A7E1300F5F424 /* MRCGitTreeViewController.xib */ = {isa = PBXFileReference; fileEncoding = 4; lastKnownFileType = file.xib; path = MRCGitTreeViewController.xib; sourceTree = "<group>"; };
		242D83671A7A7E4800F5F424 /* MRCGitTreeViewModel.h */ = {isa = PBXFileReference; fileEncoding = 4; lastKnownFileType = sourcecode.c.h; path = MRCGitTreeViewModel.h; sourceTree = "<group>"; };
		242D83681A7A7E4800F5F424 /* MRCGitTreeViewModel.m */ = {isa = PBXFileReference; fileEncoding = 4; lastKnownFileType = sourcecode.c.objc; path = MRCGitTreeViewModel.m; sourceTree = "<group>"; };
		24497BF01A6EAE770073B1D6 /* OCTObject+MRCPersistence.h */ = {isa = PBXFileReference; fileEncoding = 4; lastKnownFileType = sourcecode.c.h; path = "OCTObject+MRCPersistence.h"; sourceTree = "<group>"; };
		24497BF11A6EAE770073B1D6 /* OCTObject+MRCPersistence.m */ = {isa = PBXFileReference; fileEncoding = 4; lastKnownFileType = sourcecode.c.objc; path = "OCTObject+MRCPersistence.m"; sourceTree = "<group>"; };
		2483A4501A69559000BA0594 /* UIImage+MRCOcticons.h */ = {isa = PBXFileReference; fileEncoding = 4; lastKnownFileType = sourcecode.c.h; path = "UIImage+MRCOcticons.h"; sourceTree = "<group>"; };
		2483A4511A69559000BA0594 /* UIImage+MRCOcticons.m */ = {isa = PBXFileReference; fileEncoding = 4; lastKnownFileType = sourcecode.c.objc; path = "UIImage+MRCOcticons.m"; sourceTree = "<group>"; };
		2496742F1A73F5490032771B /* MRCWebViewController.h */ = {isa = PBXFileReference; fileEncoding = 4; lastKnownFileType = sourcecode.c.h; path = MRCWebViewController.h; sourceTree = "<group>"; };
		249674301A73F5490032771B /* MRCWebViewController.m */ = {isa = PBXFileReference; fileEncoding = 4; lastKnownFileType = sourcecode.c.objc; path = MRCWebViewController.m; sourceTree = "<group>"; };
		249674311A73F5490032771B /* MRCWebViewController.xib */ = {isa = PBXFileReference; fileEncoding = 4; lastKnownFileType = file.xib; path = MRCWebViewController.xib; sourceTree = "<group>"; };
		249674341A73F5650032771B /* MRCWebViewModel.h */ = {isa = PBXFileReference; fileEncoding = 4; lastKnownFileType = sourcecode.c.h; path = MRCWebViewModel.h; sourceTree = "<group>"; };
		249674351A73F5650032771B /* MRCWebViewModel.m */ = {isa = PBXFileReference; fileEncoding = 4; lastKnownFileType = sourcecode.c.objc; path = MRCWebViewModel.m; sourceTree = "<group>"; };
		249F34F61A72A197008F1C2A /* UIView+Borders.h */ = {isa = PBXFileReference; fileEncoding = 4; lastKnownFileType = sourcecode.c.h; path = "UIView+Borders.h"; sourceTree = "<group>"; };
		249F34F71A72A197008F1C2A /* UIView+Borders.m */ = {isa = PBXFileReference; fileEncoding = 4; lastKnownFileType = sourcecode.c.objc; path = "UIView+Borders.m"; sourceTree = "<group>"; };
		249F34F91A72A1A0008F1C2A /* MRCRepoReadmeTableViewCell.h */ = {isa = PBXFileReference; fileEncoding = 4; lastKnownFileType = sourcecode.c.h; path = MRCRepoReadmeTableViewCell.h; sourceTree = "<group>"; };
		249F34FA1A72A1A0008F1C2A /* MRCRepoReadmeTableViewCell.m */ = {isa = PBXFileReference; fileEncoding = 4; lastKnownFileType = sourcecode.c.objc; path = MRCRepoReadmeTableViewCell.m; sourceTree = "<group>"; };
		249F34FB1A72A1A0008F1C2A /* MRCRepoReadmeTableViewCell.xib */ = {isa = PBXFileReference; fileEncoding = 4; lastKnownFileType = file.xib; path = MRCRepoReadmeTableViewCell.xib; sourceTree = "<group>"; };
		249F34FC1A72A1A0008F1C2A /* MRCRepoStatisticsTableViewCell.h */ = {isa = PBXFileReference; fileEncoding = 4; lastKnownFileType = sourcecode.c.h; path = MRCRepoStatisticsTableViewCell.h; sourceTree = "<group>"; };
		249F34FD1A72A1A0008F1C2A /* MRCRepoStatisticsTableViewCell.m */ = {isa = PBXFileReference; fileEncoding = 4; lastKnownFileType = sourcecode.c.objc; path = MRCRepoStatisticsTableViewCell.m; sourceTree = "<group>"; };
		249F34FE1A72A1A0008F1C2A /* MRCRepoStatisticsTableViewCell.xib */ = {isa = PBXFileReference; fileEncoding = 4; lastKnownFileType = file.xib; path = MRCRepoStatisticsTableViewCell.xib; sourceTree = "<group>"; };
		249F34FF1A72A1A0008F1C2A /* MRCRepoViewCodeTableViewCell.h */ = {isa = PBXFileReference; fileEncoding = 4; lastKnownFileType = sourcecode.c.h; path = MRCRepoViewCodeTableViewCell.h; sourceTree = "<group>"; };
		249F35001A72A1A0008F1C2A /* MRCRepoViewCodeTableViewCell.m */ = {isa = PBXFileReference; fileEncoding = 4; lastKnownFileType = sourcecode.c.objc; path = MRCRepoViewCodeTableViewCell.m; sourceTree = "<group>"; };
		249F35011A72A1A0008F1C2A /* MRCRepoViewCodeTableViewCell.xib */ = {isa = PBXFileReference; fileEncoding = 4; lastKnownFileType = file.xib; path = MRCRepoViewCodeTableViewCell.xib; sourceTree = "<group>"; };
		24A28A9D1A75D936005235C5 /* ReactiveCocoa.framework */ = {isa = PBXFileReference; lastKnownFileType = wrapper.framework; name = ReactiveCocoa.framework; path = "../../../Library/Developer/Xcode/DerivedData/MVVMReactiveCocoa-dkjcswigkwolokaimgekabgjuzne/Build/Products/Debug/ReactiveCocoa.framework"; sourceTree = "<group>"; };
		24A28A9F1A75D947005235C5 /* Mantle.framework */ = {isa = PBXFileReference; lastKnownFileType = wrapper.framework; name = Mantle.framework; path = "../../../Library/Developer/Xcode/DerivedData/MVVMReactiveCocoa-dkjcswigkwolokaimgekabgjuzne/Build/Products/Debug/Mantle.framework"; sourceTree = "<group>"; };
		24A28AA11A75D957005235C5 /* AFNetworking.framework */ = {isa = PBXFileReference; lastKnownFileType = wrapper.framework; name = AFNetworking.framework; path = "../../../Library/Developer/Xcode/DerivedData/MVVMReactiveCocoa-dkjcswigkwolokaimgekabgjuzne/Build/Products/Debug/AFNetworking.framework"; sourceTree = "<group>"; };
		24A28AA31A75D964005235C5 /* ISO8601DateFormatter.framework */ = {isa = PBXFileReference; lastKnownFileType = wrapper.framework; name = ISO8601DateFormatter.framework; path = "../../../Library/Developer/Xcode/DerivedData/MVVMReactiveCocoa-dkjcswigkwolokaimgekabgjuzne/Build/Products/Debug/ISO8601DateFormatter.framework"; sourceTree = "<group>"; };
		24A28AE61A767F92005235C5 /* libMMMarkdown-iOS.a */ = {isa = PBXFileReference; lastKnownFileType = archive.ar; name = "libMMMarkdown-iOS.a"; path = "MMMarkdown/build/Debug-iphoneos/libMMMarkdown-iOS.a"; sourceTree = "<group>"; };
		24A28AE91A768929005235C5 /* MRCRepoReadmeController.h */ = {isa = PBXFileReference; fileEncoding = 4; lastKnownFileType = sourcecode.c.h; path = MRCRepoReadmeController.h; sourceTree = "<group>"; };
		24A28AEA1A768929005235C5 /* MRCRepoReadmeController.m */ = {isa = PBXFileReference; fileEncoding = 4; lastKnownFileType = sourcecode.c.objc; path = MRCRepoReadmeController.m; sourceTree = "<group>"; };
		24A28AEB1A768929005235C5 /* MRCRepoReadmeController.xib */ = {isa = PBXFileReference; fileEncoding = 4; lastKnownFileType = file.xib; path = MRCRepoReadmeController.xib; sourceTree = "<group>"; };
		24A28AEE1A768949005235C5 /* MRCRepoReadmeViewModel.h */ = {isa = PBXFileReference; fileEncoding = 4; lastKnownFileType = sourcecode.c.h; path = MRCRepoReadmeViewModel.h; sourceTree = "<group>"; };
		24A28AEF1A768949005235C5 /* MRCRepoReadmeViewModel.m */ = {isa = PBXFileReference; fileEncoding = 4; lastKnownFileType = sourcecode.c.objc; path = MRCRepoReadmeViewModel.m; sourceTree = "<group>"; };
		24B4DA121A66B97900DDFA6C /* MRCReposTableViewCell.h */ = {isa = PBXFileReference; fileEncoding = 4; lastKnownFileType = sourcecode.c.h; path = MRCReposTableViewCell.h; sourceTree = "<group>"; };
		24B4DA131A66B97900DDFA6C /* MRCReposTableViewCell.m */ = {isa = PBXFileReference; fileEncoding = 4; lastKnownFileType = sourcecode.c.objc; path = MRCReposTableViewCell.m; sourceTree = "<group>"; };
		24B4DA141A66B97900DDFA6C /* MRCReposTableViewCell.xib */ = {isa = PBXFileReference; fileEncoding = 4; lastKnownFileType = file.xib; path = MRCReposTableViewCell.xib; sourceTree = "<group>"; };
		24B4DA181A66C1DD00DDFA6C /* MRCReposItemViewModel.h */ = {isa = PBXFileReference; fileEncoding = 4; lastKnownFileType = sourcecode.c.h; path = MRCReposItemViewModel.h; sourceTree = "<group>"; };
		24B4DA191A66C1DD00DDFA6C /* MRCReposItemViewModel.m */ = {isa = PBXFileReference; fileEncoding = 4; lastKnownFileType = sourcecode.c.objc; path = MRCReposItemViewModel.m; sourceTree = "<group>"; };
		24D32F091A77C716008E3994 /* MRCRepositoryService.h */ = {isa = PBXFileReference; fileEncoding = 4; lastKnownFileType = sourcecode.c.h; path = MRCRepositoryService.h; sourceTree = "<group>"; };
		24D32F0A1A77C879008E3994 /* MRCRepositoryServiceImpl.h */ = {isa = PBXFileReference; fileEncoding = 4; lastKnownFileType = sourcecode.c.h; path = MRCRepositoryServiceImpl.h; sourceTree = "<group>"; };
		24D32F0B1A77C879008E3994 /* MRCRepositoryServiceImpl.m */ = {isa = PBXFileReference; fileEncoding = 4; lastKnownFileType = sourcecode.c.objc; path = MRCRepositoryServiceImpl.m; sourceTree = "<group>"; };
		24DF45601A6B8BA500F23474 /* MRCRepoDetailViewController.h */ = {isa = PBXFileReference; fileEncoding = 4; lastKnownFileType = sourcecode.c.h; path = MRCRepoDetailViewController.h; sourceTree = "<group>"; };
		24DF45611A6B8BA500F23474 /* MRCRepoDetailViewController.m */ = {isa = PBXFileReference; fileEncoding = 4; lastKnownFileType = sourcecode.c.objc; path = MRCRepoDetailViewController.m; sourceTree = "<group>"; };
		24DF45621A6B8BA500F23474 /* MRCRepoDetailViewController.xib */ = {isa = PBXFileReference; fileEncoding = 4; lastKnownFileType = file.xib; path = MRCRepoDetailViewController.xib; sourceTree = "<group>"; };
		24DF45651A6B8BC800F23474 /* MRCRepoDetailViewModel.h */ = {isa = PBXFileReference; fileEncoding = 4; lastKnownFileType = sourcecode.c.h; path = MRCRepoDetailViewModel.h; sourceTree = "<group>"; };
		24DF45661A6B8BC800F23474 /* MRCRepoDetailViewModel.m */ = {isa = PBXFileReference; fileEncoding = 4; lastKnownFileType = sourcecode.c.objc; path = MRCRepoDetailViewModel.m; sourceTree = "<group>"; };
		24DF45681A6BBA5200F23474 /* storehouse.plist */ = {isa = PBXFileReference; fileEncoding = 4; lastKnownFileType = text.plist.xml; path = storehouse.plist; sourceTree = "<group>"; };
		24DF456A1A6BE8E600F23474 /* MRCOwnedReposViewController.h */ = {isa = PBXFileReference; fileEncoding = 4; lastKnownFileType = sourcecode.c.h; path = MRCOwnedReposViewController.h; sourceTree = "<group>"; };
		24DF456B1A6BE8E600F23474 /* MRCOwnedReposViewController.m */ = {isa = PBXFileReference; fileEncoding = 4; lastKnownFileType = sourcecode.c.objc; path = MRCOwnedReposViewController.m; sourceTree = "<group>"; };
		24DF456C1A6BE8E600F23474 /* MRCOwnedReposViewController.xib */ = {isa = PBXFileReference; fileEncoding = 4; lastKnownFileType = file.xib; path = MRCOwnedReposViewController.xib; sourceTree = "<group>"; };
		24DF456F1A6BE8FB00F23474 /* MRCStarredReposViewController.h */ = {isa = PBXFileReference; fileEncoding = 4; lastKnownFileType = sourcecode.c.h; path = MRCStarredReposViewController.h; sourceTree = "<group>"; };
		24DF45701A6BE8FB00F23474 /* MRCStarredReposViewController.m */ = {isa = PBXFileReference; fileEncoding = 4; lastKnownFileType = sourcecode.c.objc; path = MRCStarredReposViewController.m; sourceTree = "<group>"; };
		24DF45711A6BE8FB00F23474 /* MRCStarredReposViewController.xib */ = {isa = PBXFileReference; fileEncoding = 4; lastKnownFileType = file.xib; path = MRCStarredReposViewController.xib; sourceTree = "<group>"; };
		24DF45801A6BF01A00F23474 /* MRCSegmentedControlViewModel.h */ = {isa = PBXFileReference; fileEncoding = 4; lastKnownFileType = sourcecode.c.h; path = MRCSegmentedControlViewModel.h; sourceTree = "<group>"; };
		24DF45811A6BF01A00F23474 /* MRCSegmentedControlViewModel.m */ = {isa = PBXFileReference; fileEncoding = 4; lastKnownFileType = sourcecode.c.objc; path = MRCSegmentedControlViewModel.m; sourceTree = "<group>"; };
		24DF45831A6BF04B00F23474 /* MRCSegmentedControlController.h */ = {isa = PBXFileReference; fileEncoding = 4; lastKnownFileType = sourcecode.c.h; path = MRCSegmentedControlController.h; sourceTree = "<group>"; };
		24DF45841A6BF04B00F23474 /* MRCSegmentedControlController.m */ = {isa = PBXFileReference; fileEncoding = 4; lastKnownFileType = sourcecode.c.objc; path = MRCSegmentedControlController.m; sourceTree = "<group>"; };
		24DF45861A6BF6CD00F23474 /* MRCReposViewController.h */ = {isa = PBXFileReference; fileEncoding = 4; lastKnownFileType = sourcecode.c.h; path = MRCReposViewController.h; sourceTree = "<group>"; };
		24DF45871A6BF6CD00F23474 /* MRCReposViewController.m */ = {isa = PBXFileReference; fileEncoding = 4; lastKnownFileType = sourcecode.c.objc; path = MRCReposViewController.m; sourceTree = "<group>"; };
		24DF45881A6BF6CD00F23474 /* MRCReposViewController.xib */ = {isa = PBXFileReference; fileEncoding = 4; lastKnownFileType = file.xib; path = MRCReposViewController.xib; sourceTree = "<group>"; };
		24DF458B1A6BF6EC00F23474 /* MRCReposViewModel.h */ = {isa = PBXFileReference; fileEncoding = 4; lastKnownFileType = sourcecode.c.h; path = MRCReposViewModel.h; sourceTree = "<group>"; };
		24DF458C1A6BF6EC00F23474 /* MRCReposViewModel.m */ = {isa = PBXFileReference; fileEncoding = 4; lastKnownFileType = sourcecode.c.objc; path = MRCReposViewModel.m; sourceTree = "<group>"; };
		24DF458E1A6BF96B00F23474 /* MRCOwnedReposViewModel.h */ = {isa = PBXFileReference; fileEncoding = 4; lastKnownFileType = sourcecode.c.h; path = MRCOwnedReposViewModel.h; sourceTree = "<group>"; };
		24DF458F1A6BF96B00F23474 /* MRCOwnedReposViewModel.m */ = {isa = PBXFileReference; fileEncoding = 4; lastKnownFileType = sourcecode.c.objc; path = MRCOwnedReposViewModel.m; sourceTree = "<group>"; };
		24DF45911A6BF97C00F23474 /* MRCStarredReposViewModel.h */ = {isa = PBXFileReference; fileEncoding = 4; lastKnownFileType = sourcecode.c.h; path = MRCStarredReposViewModel.h; sourceTree = "<group>"; };
		24DF45921A6BF97C00F23474 /* MRCStarredReposViewModel.m */ = {isa = PBXFileReference; fileEncoding = 4; lastKnownFileType = sourcecode.c.objc; path = MRCStarredReposViewModel.m; sourceTree = "<group>"; };
		BFE8017449DC43C54C0B256E /* Pods.release.xcconfig */ = {isa = PBXFileReference; includeInIndex = 1; lastKnownFileType = text.xcconfig; name = Pods.release.xcconfig; path = "Pods/Target Support Files/Pods/Pods.release.xcconfig"; sourceTree = "<group>"; };
		D1B559736D8D7A568B2FA04F /* Pods.debug.xcconfig */ = {isa = PBXFileReference; includeInIndex = 1; lastKnownFileType = text.xcconfig; name = Pods.debug.xcconfig; path = "Pods/Target Support Files/Pods/Pods.debug.xcconfig"; sourceTree = "<group>"; };
		E408154D3BF129981C1EFFEF /* libPods.a */ = {isa = PBXFileReference; explicitFileType = archive.ar; includeInIndex = 0; path = libPods.a; sourceTree = BUILT_PRODUCTS_DIR; };
/* End PBXFileReference section */

/* Begin PBXFrameworksBuildPhase section */
		242D4FD21A64B6FA0026ABC6 /* Frameworks */ = {
			isa = PBXFrameworksBuildPhase;
			buildActionMask = 2147483647;
			files = (
				24A28AA41A75D964005235C5 /* ISO8601DateFormatter.framework in Frameworks */,
				24A28AA21A75D957005235C5 /* AFNetworking.framework in Frameworks */,
				24A28AA01A75D947005235C5 /* Mantle.framework in Frameworks */,
				24A28A9E1A75D936005235C5 /* ReactiveCocoa.framework in Frameworks */,
				24A28A9C1A75D91D005235C5 /* OctoKit.framework in Frameworks */,
				24A28AE71A767F92005235C5 /* libMMMarkdown-iOS.a in Frameworks */,
				17E6F72A511CE2C576ED098A /* libPods.a in Frameworks */,
			);
			runOnlyForDeploymentPostprocessing = 0;
		};
		242D4FEB1A64B6FA0026ABC6 /* Frameworks */ = {
			isa = PBXFrameworksBuildPhase;
			buildActionMask = 2147483647;
			files = (
				55C1332CC55A71EEC19CAF90 /* libPods.a in Frameworks */,
			);
			runOnlyForDeploymentPostprocessing = 0;
		};
/* End PBXFrameworksBuildPhase section */

/* Begin PBXGroup section */
		240D00CB1A654D300033CC86 /* Model */ = {
			isa = PBXGroup;
			children = (
				240D00CC1A654D300033CC86 /* MRCPersistenceProtocol.h */,
				240D00CD1A654D300033CC86 /* OCTRepository+MRCPersistence.h */,
				240D00CE1A654D300033CC86 /* OCTRepository+MRCPersistence.m */,
				240D00CF1A654D300033CC86 /* OCTUser+MRCPersistence.h */,
				240D00D01A654D300033CC86 /* OCTUser+MRCPersistence.m */,
				24497BF01A6EAE770073B1D6 /* OCTObject+MRCPersistence.h */,
				24497BF11A6EAE770073B1D6 /* OCTObject+MRCPersistence.m */,
				24D32F091A77C716008E3994 /* MRCRepositoryService.h */,
				24D32F0A1A77C879008E3994 /* MRCRepositoryServiceImpl.h */,
				24D32F0B1A77C879008E3994 /* MRCRepositoryServiceImpl.m */,
			);
			path = Model;
			sourceTree = "<group>";
		};
		240D00D11A654D300033CC86 /* Util */ = {
			isa = PBXGroup;
			children = (
				249F34F61A72A197008F1C2A /* UIView+Borders.h */,
				249F34F71A72A197008F1C2A /* UIView+Borders.m */,
				240D00D21A654D300033CC86 /* MRCConfig.h */,
				240D00D31A654D300033CC86 /* MRCConstant.h */,
				240D00D41A654D300033CC86 /* MRCErrors.h */,
				240D00D51A654D300033CC86 /* MRCErrors.m */,
				240D00D61A654D300033CC86 /* MRCReactiveView.h */,
				240D00D71A654D300033CC86 /* MRCRouter.h */,
				240D00D81A654D300033CC86 /* MRCRouter.m */,
				240D00D91A654D300033CC86 /* MRCUtil.h */,
				240D00DA1A654D300033CC86 /* MRCUtil.m */,
				240D00DB1A654D300033CC86 /* UIImage+ImageEffects.h */,
				240D00DC1A654D300033CC86 /* UIImage+ImageEffects.m */,
				2483A4501A69559000BA0594 /* UIImage+MRCOcticons.h */,
				2483A4511A69559000BA0594 /* UIImage+MRCOcticons.m */,
			);
			path = Util;
			sourceTree = "<group>";
		};
		240D00DD1A654D300033CC86 /* View */ = {
			isa = PBXGroup;
			children = (
				24B4DA111A66B94800DDFA6C /* TableViewCell */,
				240D00DE1A654D300033CC86 /* BaseClass */,
				240D00EB1A654D300033CC86 /* HeaderView */,
				240D00E81A654D300033CC86 /* Button */,
				240D00EF1A654D300033CC86 /* ImageView */,
				240D00F21A654D300033CC86 /* MRCGistsViewController.h */,
				240D00F31A654D300033CC86 /* MRCGistsViewController.m */,
				240D00F41A654D300033CC86 /* MRCGistsViewController.xib */,
				240D00F51A654D300033CC86 /* MRCHomepageViewController.h */,
				240D00F61A654D300033CC86 /* MRCHomepageViewController.m */,
				240D00F71A654D300033CC86 /* MRCHomepageViewController.xib */,
				240D00F81A654D300033CC86 /* MRCLoginViewController.h */,
				240D00F91A654D300033CC86 /* MRCLoginViewController.m */,
				240D00FA1A654D300033CC86 /* MRCLoginViewController.xib */,
				240D00FB1A654D300033CC86 /* MRCNewsViewController.h */,
				240D00FC1A654D300033CC86 /* MRCNewsViewController.m */,
				240D00FD1A654D300033CC86 /* MRCNewsViewController.xib */,
				240D00FE1A654D300033CC86 /* MRCProfileViewController.h */,
				240D00FF1A654D300033CC86 /* MRCProfileViewController.m */,
				240D01001A654D300033CC86 /* MRCProfileViewController.xib */,
				24DF45601A6B8BA500F23474 /* MRCRepoDetailViewController.h */,
				24DF45611A6B8BA500F23474 /* MRCRepoDetailViewController.m */,
				24DF45621A6B8BA500F23474 /* MRCRepoDetailViewController.xib */,
				24DF456A1A6BE8E600F23474 /* MRCOwnedReposViewController.h */,
				24DF456B1A6BE8E600F23474 /* MRCOwnedReposViewController.m */,
				24DF456C1A6BE8E600F23474 /* MRCOwnedReposViewController.xib */,
				24DF456F1A6BE8FB00F23474 /* MRCStarredReposViewController.h */,
				24DF45701A6BE8FB00F23474 /* MRCStarredReposViewController.m */,
				24DF45711A6BE8FB00F23474 /* MRCStarredReposViewController.xib */,
				24DF45861A6BF6CD00F23474 /* MRCReposViewController.h */,
				24DF45871A6BF6CD00F23474 /* MRCReposViewController.m */,
				24DF45881A6BF6CD00F23474 /* MRCReposViewController.xib */,
				24A28AE91A768929005235C5 /* MRCRepoReadmeController.h */,
				24A28AEA1A768929005235C5 /* MRCRepoReadmeController.m */,
				24A28AEB1A768929005235C5 /* MRCRepoReadmeController.xib */,
				242D83551A7A5B0300F5F424 /* MRCSelectBranchViewController.h */,
				242D83561A7A5B0300F5F424 /* MRCSelectBranchViewController.m */,
				242D83571A7A5B0300F5F424 /* MRCSelectBranchViewController.xib */,
				242D83621A7A7E1200F5F424 /* MRCGitTreeViewController.h */,
				242D83631A7A7E1300F5F424 /* MRCGitTreeViewController.m */,
				242D83641A7A7E1300F5F424 /* MRCGitTreeViewController.xib */,
			);
			path = View;
			sourceTree = "<group>";
		};
		240D00DE1A654D300033CC86 /* BaseClass */ = {
			isa = PBXGroup;
			children = (
				240D00DF1A654D300033CC86 /* MRCNavigationControllerStack.h */,
				240D00E01A654D300033CC86 /* MRCNavigationControllerStack.m */,
				240D00E11A654D300033CC86 /* MRCTabBarController.h */,
				240D00E21A654D300033CC86 /* MRCTabBarController.m */,
				240D00E31A654D300033CC86 /* MRCTableViewController.h */,
				240D00E41A654D300033CC86 /* MRCTableViewController.m */,
				240D00E51A654D300033CC86 /* MRCViewController.h */,
				240D00E61A654D300033CC86 /* MRCViewController.m */,
				240D00E71A654D300033CC86 /* MRCViewProtocol.h */,
				24DF45831A6BF04B00F23474 /* MRCSegmentedControlController.h */,
				24DF45841A6BF04B00F23474 /* MRCSegmentedControlController.m */,
				2496742F1A73F5490032771B /* MRCWebViewController.h */,
				249674301A73F5490032771B /* MRCWebViewController.m */,
				249674311A73F5490032771B /* MRCWebViewController.xib */,
			);
			path = BaseClass;
			sourceTree = "<group>";
		};
		240D00E81A654D300033CC86 /* Button */ = {
			isa = PBXGroup;
			children = (
				240D00E91A654D300033CC86 /* MRCButton.h */,
				240D00EA1A654D300033CC86 /* MRCButton.m */,
			);
			path = Button;
			sourceTree = "<group>";
		};
		240D00EB1A654D300033CC86 /* HeaderView */ = {
			isa = PBXGroup;
			children = (
				240D00EC1A654D300033CC86 /* MRCAvatarHeaderView.h */,
				240D00ED1A654D300033CC86 /* MRCAvatarHeaderView.m */,
				240D00EE1A654D300033CC86 /* MRCAvatarHeaderView.xib */,
			);
			path = HeaderView;
			sourceTree = "<group>";
		};
		240D00EF1A654D300033CC86 /* ImageView */ = {
			isa = PBXGroup;
			children = (
				240D00F01A654D300033CC86 /* MRCImageView.h */,
				240D00F11A654D300033CC86 /* MRCImageView.m */,
			);
			path = ImageView;
			sourceTree = "<group>";
		};
		240D01081A654D300033CC86 /* ViewModel */ = {
			isa = PBXGroup;
			children = (
				24B4DA171A66C1C600DDFA6C /* ItemViewModel */,
				240D01091A654D300033CC86 /* BaseClass */,
				240D01151A654D300033CC86 /* HeaderViewModel */,
				240D011B1A654D300033CC86 /* MRCGistsViewModel.h */,
				240D011C1A654D300033CC86 /* MRCGistsViewModel.m */,
				240D011D1A654D300033CC86 /* MRCHomepageViewModel.h */,
				240D011E1A654D300033CC86 /* MRCHomepageViewModel.m */,
				240D011F1A654D300033CC86 /* MRCLoginViewModel.h */,
				240D01201A654D300033CC86 /* MRCLoginViewModel.m */,
				240D01211A654D300033CC86 /* MRCNewsViewModel.h */,
				240D01221A654D300033CC86 /* MRCNewsViewModel.m */,
				240D01231A654D300033CC86 /* MRCProfileViewModel.h */,
				240D01241A654D300033CC86 /* MRCProfileViewModel.m */,
				24DF45651A6B8BC800F23474 /* MRCRepoDetailViewModel.h */,
				24DF45661A6B8BC800F23474 /* MRCRepoDetailViewModel.m */,
				24DF458B1A6BF6EC00F23474 /* MRCReposViewModel.h */,
				24DF458C1A6BF6EC00F23474 /* MRCReposViewModel.m */,
				24DF458E1A6BF96B00F23474 /* MRCOwnedReposViewModel.h */,
				24DF458F1A6BF96B00F23474 /* MRCOwnedReposViewModel.m */,
				24DF45911A6BF97C00F23474 /* MRCStarredReposViewModel.h */,
				24DF45921A6BF97C00F23474 /* MRCStarredReposViewModel.m */,
				24A28AEE1A768949005235C5 /* MRCRepoReadmeViewModel.h */,
				24A28AEF1A768949005235C5 /* MRCRepoReadmeViewModel.m */,
				242D835A1A7A5B3B00F5F424 /* MRCSelectBranchViewModel.h */,
				242D835B1A7A5B3B00F5F424 /* MRCSelectBranchViewModel.m */,
				242D83671A7A7E4800F5F424 /* MRCGitTreeViewModel.h */,
				242D83681A7A7E4800F5F424 /* MRCGitTreeViewModel.m */,
			);
			path = ViewModel;
			sourceTree = "<group>";
		};
		240D01091A654D300033CC86 /* BaseClass */ = {
			isa = PBXGroup;
			children = (
				240D010A1A654D300033CC86 /* MRCNavigationProtocol.h */,
				240D010B1A654D300033CC86 /* MRCTabBarViewModel.h */,
				240D010C1A654D300033CC86 /* MRCTabBarViewModel.m */,
				240D010D1A654D300033CC86 /* MRCTableViewModel.h */,
				240D010E1A654D300033CC86 /* MRCTableViewModel.m */,
				240D010F1A654D300033CC86 /* MRCViewModel.h */,
				240D01101A654D300033CC86 /* MRCViewModel.m */,
				240D01111A654D300033CC86 /* MRCViewModelProtocol.h */,
				240D01121A654D300033CC86 /* MRCViewModelServices.h */,
				240D01131A654D300033CC86 /* MRCViewModelServicesImpl.h */,
				240D01141A654D300033CC86 /* MRCViewModelServicesImpl.m */,
				24DF45801A6BF01A00F23474 /* MRCSegmentedControlViewModel.h */,
				24DF45811A6BF01A00F23474 /* MRCSegmentedControlViewModel.m */,
				249674341A73F5650032771B /* MRCWebViewModel.h */,
				249674351A73F5650032771B /* MRCWebViewModel.m */,
			);
			path = BaseClass;
			sourceTree = "<group>";
		};
		240D01151A654D300033CC86 /* HeaderViewModel */ = {
			isa = PBXGroup;
			children = (
				240D01161A654D300033CC86 /* MRCAvatarHeaderViewModel.h */,
				240D01171A654D300033CC86 /* MRCAvatarHeaderViewModel.m */,
			);
			path = HeaderViewModel;
			sourceTree = "<group>";
		};
		242D4FCC1A64B6FA0026ABC6 = {
			isa = PBXGroup;
			children = (
				242D4FD71A64B6FA0026ABC6 /* MVVMReactiveCocoa */,
				242D4FF11A64B6FA0026ABC6 /* MVVMReactiveCocoaTests */,
				242D4FD61A64B6FA0026ABC6 /* Products */,
				F040BBF1F592B1F32A774212 /* Pods */,
				B881B6E71AA5A766D60C0E99 /* Frameworks */,
			);
			sourceTree = "<group>";
		};
		242D4FD61A64B6FA0026ABC6 /* Products */ = {
			isa = PBXGroup;
			children = (
				242D4FD51A64B6FA0026ABC6 /* MVVMReactiveCocoa.app */,
				242D4FEE1A64B6FA0026ABC6 /* MVVMReactiveCocoaTests.xctest */,
			);
			name = Products;
			sourceTree = "<group>";
		};
		242D4FD71A64B6FA0026ABC6 /* MVVMReactiveCocoa */ = {
			isa = PBXGroup;
			children = (
				240D00D11A654D300033CC86 /* Util */,
				240D00CB1A654D300033CC86 /* Model */,
				240D01081A654D300033CC86 /* ViewModel */,
				240D00DD1A654D300033CC86 /* View */,
				240D01501A654D3D0033CC86 /* MRCAppDelegate.h */,
				240D01511A654D3D0033CC86 /* MRCAppDelegate.m */,
				240D00CA1A654D300033CC86 /* Images.xcassets */,
				242D4FE71A64B6FA0026ABC6 /* LaunchScreen.xib */,
				242D4FD81A64B6FA0026ABC6 /* Supporting Files */,
			);
			path = MVVMReactiveCocoa;
			sourceTree = "<group>";
		};
		242D4FD81A64B6FA0026ABC6 /* Supporting Files */ = {
			isa = PBXGroup;
			children = (
				24DF45681A6BBA5200F23474 /* storehouse.plist */,
				242D4FD91A64B6FA0026ABC6 /* Info.plist */,
				242D4FDA1A64B6FA0026ABC6 /* main.m */,
				240D01541A654D9C0033CC86 /* MVVMReactiveCocoa-Prefix.pch */,
			);
			name = "Supporting Files";
			sourceTree = "<group>";
		};
		242D4FF11A64B6FA0026ABC6 /* MVVMReactiveCocoaTests */ = {
			isa = PBXGroup;
			children = (
				242D4FF41A64B6FA0026ABC6 /* MVVMReactiveCocoaTests.m */,
				242D4FF21A64B6FA0026ABC6 /* Supporting Files */,
			);
			path = MVVMReactiveCocoaTests;
			sourceTree = "<group>";
		};
		242D4FF21A64B6FA0026ABC6 /* Supporting Files */ = {
			isa = PBXGroup;
			children = (
				242D4FF31A64B6FA0026ABC6 /* Info.plist */,
			);
			name = "Supporting Files";
			sourceTree = "<group>";
		};
		24B4DA111A66B94800DDFA6C /* TableViewCell */ = {
			isa = PBXGroup;
			children = (
				249F34F91A72A1A0008F1C2A /* MRCRepoReadmeTableViewCell.h */,
				249F34FA1A72A1A0008F1C2A /* MRCRepoReadmeTableViewCell.m */,
				249F34FB1A72A1A0008F1C2A /* MRCRepoReadmeTableViewCell.xib */,
				249F34FC1A72A1A0008F1C2A /* MRCRepoStatisticsTableViewCell.h */,
				249F34FD1A72A1A0008F1C2A /* MRCRepoStatisticsTableViewCell.m */,
				249F34FE1A72A1A0008F1C2A /* MRCRepoStatisticsTableViewCell.xib */,
				249F34FF1A72A1A0008F1C2A /* MRCRepoViewCodeTableViewCell.h */,
				249F35001A72A1A0008F1C2A /* MRCRepoViewCodeTableViewCell.m */,
				249F35011A72A1A0008F1C2A /* MRCRepoViewCodeTableViewCell.xib */,
				24B4DA121A66B97900DDFA6C /* MRCReposTableViewCell.h */,
				24B4DA131A66B97900DDFA6C /* MRCReposTableViewCell.m */,
				24B4DA141A66B97900DDFA6C /* MRCReposTableViewCell.xib */,
			);
			path = TableViewCell;
			sourceTree = "<group>";
		};
		24B4DA171A66C1C600DDFA6C /* ItemViewModel */ = {
			isa = PBXGroup;
			children = (
				24B4DA181A66C1DD00DDFA6C /* MRCReposItemViewModel.h */,
				24B4DA191A66C1DD00DDFA6C /* MRCReposItemViewModel.m */,
			);
			path = ItemViewModel;
			sourceTree = "<group>";
		};
		B881B6E71AA5A766D60C0E99 /* Frameworks */ = {
			isa = PBXGroup;
			children = (
				24A28AE61A767F92005235C5 /* libMMMarkdown-iOS.a */,
				24A28AA31A75D964005235C5 /* ISO8601DateFormatter.framework */,
				24A28AA11A75D957005235C5 /* AFNetworking.framework */,
				24A28A9F1A75D947005235C5 /* Mantle.framework */,
				24A28A9D1A75D936005235C5 /* ReactiveCocoa.framework */,
				241545D91A67F3F4007AFD5B /* Foundation.framework */,
				241545D71A67F3EF007AFD5B /* UIKit.framework */,
				241545D51A67F3CF007AFD5B /* CoreGraphics.framework */,
				242D4FFF1A64BD730026ABC6 /* OctoKit.framework */,
				E408154D3BF129981C1EFFEF /* libPods.a */,
			);
			name = Frameworks;
			sourceTree = "<group>";
		};
		F040BBF1F592B1F32A774212 /* Pods */ = {
			isa = PBXGroup;
			children = (
				D1B559736D8D7A568B2FA04F /* Pods.debug.xcconfig */,
				BFE8017449DC43C54C0B256E /* Pods.release.xcconfig */,
			);
			name = Pods;
			sourceTree = "<group>";
		};
/* End PBXGroup section */

/* Begin PBXNativeTarget section */
		242D4FD41A64B6FA0026ABC6 /* MVVMReactiveCocoa */ = {
			isa = PBXNativeTarget;
			buildConfigurationList = 242D4FF81A64B6FA0026ABC6 /* Build configuration list for PBXNativeTarget "MVVMReactiveCocoa" */;
			buildPhases = (
				BC079E67AC28819FE0EC438A /* Check Pods Manifest.lock */,
				242D4FD11A64B6FA0026ABC6 /* Sources */,
				242D4FD21A64B6FA0026ABC6 /* Frameworks */,
				242D4FD31A64B6FA0026ABC6 /* Resources */,
				94BC7850225D73433B852981 /* Copy Pods Resources */,
				246AC34B1A65773E0021DCA2 /* Update Build With Number Of Commits */,
				24A28AF11A772763005235C5 /* CopyFiles */,
			);
			buildRules = (
			);
			dependencies = (
			);
			name = MVVMReactiveCocoa;
			productName = MVVMReactiveCocoa;
			productReference = 242D4FD51A64B6FA0026ABC6 /* MVVMReactiveCocoa.app */;
			productType = "com.apple.product-type.application";
		};
		242D4FED1A64B6FA0026ABC6 /* MVVMReactiveCocoaTests */ = {
			isa = PBXNativeTarget;
			buildConfigurationList = 242D4FFB1A64B6FA0026ABC6 /* Build configuration list for PBXNativeTarget "MVVMReactiveCocoaTests" */;
			buildPhases = (
				EA9395FC63FCE26D7B991597 /* Check Pods Manifest.lock */,
				242D4FEA1A64B6FA0026ABC6 /* Sources */,
				242D4FEB1A64B6FA0026ABC6 /* Frameworks */,
				242D4FEC1A64B6FA0026ABC6 /* Resources */,
				711F146F5514DA4E99DDFB00 /* Copy Pods Resources */,
			);
			buildRules = (
			);
			dependencies = (
				242D4FF01A64B6FA0026ABC6 /* PBXTargetDependency */,
			);
			name = MVVMReactiveCocoaTests;
			productName = MVVMReactiveCocoaTests;
			productReference = 242D4FEE1A64B6FA0026ABC6 /* MVVMReactiveCocoaTests.xctest */;
			productType = "com.apple.product-type.bundle.unit-test";
		};
/* End PBXNativeTarget section */

/* Begin PBXProject section */
		242D4FCD1A64B6FA0026ABC6 /* Project object */ = {
			isa = PBXProject;
			attributes = {
				CLASSPREFIX = MRC;
				LastUpgradeCheck = 0610;
				ORGANIZATIONNAME = leichunfeng;
				TargetAttributes = {
					242D4FD41A64B6FA0026ABC6 = {
						CreatedOnToolsVersion = 6.1.1;
						DevelopmentTeam = V45CY933KN;
					};
					242D4FED1A64B6FA0026ABC6 = {
						CreatedOnToolsVersion = 6.1.1;
						TestTargetID = 242D4FD41A64B6FA0026ABC6;
					};
				};
			};
			buildConfigurationList = 242D4FD01A64B6FA0026ABC6 /* Build configuration list for PBXProject "MVVMReactiveCocoa" */;
			compatibilityVersion = "Xcode 3.2";
			developmentRegion = English;
			hasScannedForEncodings = 0;
			knownRegions = (
				en,
				Base,
			);
			mainGroup = 242D4FCC1A64B6FA0026ABC6;
			productRefGroup = 242D4FD61A64B6FA0026ABC6 /* Products */;
			projectDirPath = "";
			projectRoot = "";
			targets = (
				242D4FD41A64B6FA0026ABC6 /* MVVMReactiveCocoa */,
				242D4FED1A64B6FA0026ABC6 /* MVVMReactiveCocoaTests */,
			);
		};
/* End PBXProject section */

/* Begin PBXResourcesBuildPhase section */
		242D4FD31A64B6FA0026ABC6 /* Resources */ = {
			isa = PBXResourcesBuildPhase;
			buildActionMask = 2147483647;
			files = (
				24A28AED1A768929005235C5 /* MRCRepoReadmeController.xib in Resources */,
				240D01341A654D300033CC86 /* MRCAvatarHeaderView.xib in Resources */,
				24DF45641A6B8BA500F23474 /* MRCRepoDetailViewController.xib in Resources */,
				242D4FE91A64B6FA0026ABC6 /* LaunchScreen.xib in Resources */,
				240D013D1A654D300033CC86 /* MRCNewsViewController.xib in Resources */,
				249674331A73F5490032771B /* MRCWebViewController.xib in Resources */,
				240D01371A654D300033CC86 /* MRCGistsViewController.xib in Resources */,
				249F35031A72A1A0008F1C2A /* MRCRepoReadmeTableViewCell.xib in Resources */,
				24DF458A1A6BF6CD00F23474 /* MRCReposViewController.xib in Resources */,
				249F35071A72A1A0008F1C2A /* MRCRepoViewCodeTableViewCell.xib in Resources */,
				24DF45691A6BBA5200F23474 /* storehouse.plist in Resources */,
				24DF45731A6BE8FB00F23474 /* MRCStarredReposViewController.xib in Resources */,
				24DF456E1A6BE8E600F23474 /* MRCOwnedReposViewController.xib in Resources */,
				240D013B1A654D300033CC86 /* MRCLoginViewController.xib in Resources */,
				24B4DA161A66B97900DDFA6C /* MRCReposTableViewCell.xib in Resources */,
				242D83591A7A5B0300F5F424 /* MRCSelectBranchViewController.xib in Resources */,
				242D83661A7A7E1300F5F424 /* MRCGitTreeViewController.xib in Resources */,
				240D01271A654D300033CC86 /* Images.xcassets in Resources */,
				249F35051A72A1A0008F1C2A /* MRCRepoStatisticsTableViewCell.xib in Resources */,
				240D01391A654D300033CC86 /* MRCHomepageViewController.xib in Resources */,
				240D013F1A654D300033CC86 /* MRCProfileViewController.xib in Resources */,
			);
			runOnlyForDeploymentPostprocessing = 0;
		};
		242D4FEC1A64B6FA0026ABC6 /* Resources */ = {
			isa = PBXResourcesBuildPhase;
			buildActionMask = 2147483647;
			files = (
			);
			runOnlyForDeploymentPostprocessing = 0;
		};
/* End PBXResourcesBuildPhase section */

/* Begin PBXShellScriptBuildPhase section */
		246AC34B1A65773E0021DCA2 /* Update Build With Number Of Commits */ = {
			isa = PBXShellScriptBuildPhase;
			buildActionMask = 2147483647;
			files = (
			);
			inputPaths = (
			);
			name = "Update Build With Number Of Commits";
			outputPaths = (
			);
			runOnlyForDeploymentPostprocessing = 0;
			shellPath = /bin/sh;
			shellScript = "REV=`git rev-list HEAD | wc -l | awk '{print $1}'`\n/usr/libexec/PlistBuddy -c \"Set :CFBundleVersion ${REV}\" \"${PROJECT_DIR}/${INFOPLIST_FILE}\"";
		};
		711F146F5514DA4E99DDFB00 /* Copy Pods Resources */ = {
			isa = PBXShellScriptBuildPhase;
			buildActionMask = 2147483647;
			files = (
			);
			inputPaths = (
			);
			name = "Copy Pods Resources";
			outputPaths = (
			);
			runOnlyForDeploymentPostprocessing = 0;
			shellPath = /bin/sh;
			shellScript = "\"${SRCROOT}/Pods/Target Support Files/Pods/Pods-resources.sh\"\n";
			showEnvVarsInLog = 0;
		};
		94BC7850225D73433B852981 /* Copy Pods Resources */ = {
			isa = PBXShellScriptBuildPhase;
			buildActionMask = 2147483647;
			files = (
			);
			inputPaths = (
			);
			name = "Copy Pods Resources";
			outputPaths = (
			);
			runOnlyForDeploymentPostprocessing = 0;
			shellPath = /bin/sh;
			shellScript = "\"${SRCROOT}/Pods/Target Support Files/Pods/Pods-resources.sh\"\n";
			showEnvVarsInLog = 0;
		};
		BC079E67AC28819FE0EC438A /* Check Pods Manifest.lock */ = {
			isa = PBXShellScriptBuildPhase;
			buildActionMask = 2147483647;
			files = (
			);
			inputPaths = (
			);
			name = "Check Pods Manifest.lock";
			outputPaths = (
			);
			runOnlyForDeploymentPostprocessing = 0;
			shellPath = /bin/sh;
			shellScript = "diff \"${PODS_ROOT}/../Podfile.lock\" \"${PODS_ROOT}/Manifest.lock\" > /dev/null\nif [[ $? != 0 ]] ; then\n    cat << EOM\nerror: The sandbox is not in sync with the Podfile.lock. Run 'pod install' or update your CocoaPods installation.\nEOM\n    exit 1\nfi\n";
			showEnvVarsInLog = 0;
		};
		EA9395FC63FCE26D7B991597 /* Check Pods Manifest.lock */ = {
			isa = PBXShellScriptBuildPhase;
			buildActionMask = 2147483647;
			files = (
			);
			inputPaths = (
			);
			name = "Check Pods Manifest.lock";
			outputPaths = (
			);
			runOnlyForDeploymentPostprocessing = 0;
			shellPath = /bin/sh;
			shellScript = "diff \"${PODS_ROOT}/../Podfile.lock\" \"${PODS_ROOT}/Manifest.lock\" > /dev/null\nif [[ $? != 0 ]] ; then\n    cat << EOM\nerror: The sandbox is not in sync with the Podfile.lock. Run 'pod install' or update your CocoaPods installation.\nEOM\n    exit 1\nfi\n";
			showEnvVarsInLog = 0;
		};
/* End PBXShellScriptBuildPhase section */

/* Begin PBXSourcesBuildPhase section */
		242D4FD11A64B6FA0026ABC6 /* Sources */ = {
			isa = PBXSourcesBuildPhase;
			buildActionMask = 2147483647;
			files = (
				24B4DA151A66B97900DDFA6C /* MRCReposTableViewCell.m in Sources */,
				240D01301A654D300033CC86 /* MRCTableViewController.m in Sources */,
				240D01361A654D300033CC86 /* MRCGistsViewController.m in Sources */,
				240D014A1A654D300033CC86 /* MRCGistsViewModel.m in Sources */,
				240D013A1A654D300033CC86 /* MRCLoginViewController.m in Sources */,
				242D4FDB1A64B6FA0026ABC6 /* main.m in Sources */,
				240D01521A654D3D0033CC86 /* MRCAppDelegate.m in Sources */,
				240D014C1A654D300033CC86 /* MRCLoginViewModel.m in Sources */,
				24B4DA1A1A66C1DD00DDFA6C /* MRCReposItemViewModel.m in Sources */,
				240D01471A654D300033CC86 /* MRCViewModelServicesImpl.m in Sources */,
				249F35061A72A1A0008F1C2A /* MRCRepoViewCodeTableViewCell.m in Sources */,
				240D01311A654D300033CC86 /* MRCViewController.m in Sources */,
				24DF458D1A6BF6EC00F23474 /* MRCReposViewModel.m in Sources */,
				242D835C1A7A5B3B00F5F424 /* MRCSelectBranchViewModel.m in Sources */,
				24DF45931A6BF97C00F23474 /* MRCStarredReposViewModel.m in Sources */,
				240D012B1A654D300033CC86 /* MRCRouter.m in Sources */,
				24DF45671A6B8BC800F23474 /* MRCRepoDetailViewModel.m in Sources */,
				24DF45821A6BF01A00F23474 /* MRCSegmentedControlViewModel.m in Sources */,
				242D83651A7A7E1300F5F424 /* MRCGitTreeViewController.m in Sources */,
				24A28AF01A768949005235C5 /* MRCRepoReadmeViewModel.m in Sources */,
				240D01321A654D300033CC86 /* MRCButton.m in Sources */,
				240D01461A654D300033CC86 /* MRCViewModel.m in Sources */,
				249F35021A72A1A0008F1C2A /* MRCRepoReadmeTableViewCell.m in Sources */,
				240D013E1A654D300033CC86 /* MRCProfileViewController.m in Sources */,
				240D012D1A654D300033CC86 /* UIImage+ImageEffects.m in Sources */,
				24DF45901A6BF96B00F23474 /* MRCOwnedReposViewModel.m in Sources */,
				240D012A1A654D300033CC86 /* MRCErrors.m in Sources */,
				240D014E1A654D300033CC86 /* MRCProfileViewModel.m in Sources */,
				249F35041A72A1A0008F1C2A /* MRCRepoStatisticsTableViewCell.m in Sources */,
				240D01351A654D300033CC86 /* MRCImageView.m in Sources */,
				249674321A73F5490032771B /* MRCWebViewController.m in Sources */,
				240D014D1A654D300033CC86 /* MRCNewsViewModel.m in Sources */,
				240D01481A654D300033CC86 /* MRCAvatarHeaderViewModel.m in Sources */,
				24A28AEC1A768929005235C5 /* MRCRepoReadmeController.m in Sources */,
				240D01441A654D300033CC86 /* MRCTabBarViewModel.m in Sources */,
				240D013C1A654D300033CC86 /* MRCNewsViewController.m in Sources */,
				24497BF21A6EAE770073B1D6 /* OCTObject+MRCPersistence.m in Sources */,
				249F34F81A72A197008F1C2A /* UIView+Borders.m in Sources */,
				24D32F0C1A77C879008E3994 /* MRCRepositoryServiceImpl.m in Sources */,
				242D83691A7A7E4800F5F424 /* MRCGitTreeViewModel.m in Sources */,
				249674361A73F5650032771B /* MRCWebViewModel.m in Sources */,
				24DF45851A6BF04B00F23474 /* MRCSegmentedControlController.m in Sources */,
				240D01291A654D300033CC86 /* OCTUser+MRCPersistence.m in Sources */,
				240D012F1A654D300033CC86 /* MRCTabBarController.m in Sources */,
				240D014B1A654D300033CC86 /* MRCHomepageViewModel.m in Sources */,
				24DF45891A6BF6CD00F23474 /* MRCReposViewController.m in Sources */,
				2483A4521A69559000BA0594 /* UIImage+MRCOcticons.m in Sources */,
				240D012E1A654D300033CC86 /* MRCNavigationControllerStack.m in Sources */,
				240D01451A654D300033CC86 /* MRCTableViewModel.m in Sources */,
				240D012C1A654D300033CC86 /* MRCUtil.m in Sources */,
				24DF45721A6BE8FB00F23474 /* MRCStarredReposViewController.m in Sources */,
				240D01381A654D300033CC86 /* MRCHomepageViewController.m in Sources */,
				240D01331A654D300033CC86 /* MRCAvatarHeaderView.m in Sources */,
				240D01281A654D300033CC86 /* OCTRepository+MRCPersistence.m in Sources */,
				242D83581A7A5B0300F5F424 /* MRCSelectBranchViewController.m in Sources */,
				24DF45631A6B8BA500F23474 /* MRCRepoDetailViewController.m in Sources */,
				24DF456D1A6BE8E600F23474 /* MRCOwnedReposViewController.m in Sources */,
			);
			runOnlyForDeploymentPostprocessing = 0;
		};
		242D4FEA1A64B6FA0026ABC6 /* Sources */ = {
			isa = PBXSourcesBuildPhase;
			buildActionMask = 2147483647;
			files = (
				242D4FF51A64B6FA0026ABC6 /* MVVMReactiveCocoaTests.m in Sources */,
			);
			runOnlyForDeploymentPostprocessing = 0;
		};
/* End PBXSourcesBuildPhase section */

/* Begin PBXTargetDependency section */
		242D4FF01A64B6FA0026ABC6 /* PBXTargetDependency */ = {
			isa = PBXTargetDependency;
			target = 242D4FD41A64B6FA0026ABC6 /* MVVMReactiveCocoa */;
			targetProxy = 242D4FEF1A64B6FA0026ABC6 /* PBXContainerItemProxy */;
		};
/* End PBXTargetDependency section */

/* Begin PBXVariantGroup section */
		242D4FE71A64B6FA0026ABC6 /* LaunchScreen.xib */ = {
			isa = PBXVariantGroup;
			children = (
				242D4FE81A64B6FA0026ABC6 /* Base */,
			);
			name = LaunchScreen.xib;
			sourceTree = "<group>";
		};
/* End PBXVariantGroup section */

/* Begin XCBuildConfiguration section */
		242D4FF61A64B6FA0026ABC6 /* Debug */ = {
			isa = XCBuildConfiguration;
			buildSettings = {
				ALWAYS_SEARCH_USER_PATHS = NO;
				CLANG_CXX_LANGUAGE_STANDARD = "gnu++0x";
				CLANG_CXX_LIBRARY = "libc++";
				CLANG_ENABLE_MODULES = YES;
				CLANG_ENABLE_OBJC_ARC = YES;
				CLANG_WARN_BOOL_CONVERSION = YES;
				CLANG_WARN_CONSTANT_CONVERSION = YES;
				CLANG_WARN_DIRECT_OBJC_ISA_USAGE = YES_ERROR;
				CLANG_WARN_EMPTY_BODY = YES;
				CLANG_WARN_ENUM_CONVERSION = YES;
				CLANG_WARN_INT_CONVERSION = YES;
				CLANG_WARN_OBJC_ROOT_CLASS = YES_ERROR;
				CLANG_WARN_UNREACHABLE_CODE = YES;
				CLANG_WARN__DUPLICATE_METHOD_MATCH = YES;
				"CODE_SIGN_IDENTITY[sdk=iphoneos*]" = "iPhone Developer";
				COPY_PHASE_STRIP = NO;
				ENABLE_STRICT_OBJC_MSGSEND = YES;
				GCC_C_LANGUAGE_STANDARD = gnu99;
				GCC_DYNAMIC_NO_PIC = NO;
				GCC_OPTIMIZATION_LEVEL = 0;
				GCC_PREPROCESSOR_DEFINITIONS = (
					"DEBUG=1",
					"$(inherited)",
				);
				GCC_SYMBOLS_PRIVATE_EXTERN = NO;
				GCC_WARN_64_TO_32_BIT_CONVERSION = YES;
				GCC_WARN_ABOUT_RETURN_TYPE = YES_ERROR;
				GCC_WARN_UNDECLARED_SELECTOR = YES;
				GCC_WARN_UNINITIALIZED_AUTOS = YES_AGGRESSIVE;
				GCC_WARN_UNUSED_FUNCTION = YES;
				GCC_WARN_UNUSED_VARIABLE = YES;
				IPHONEOS_DEPLOYMENT_TARGET = 8.1;
				MTL_ENABLE_DEBUG_INFO = YES;
				ONLY_ACTIVE_ARCH = YES;
				SDKROOT = iphoneos;
			};
			name = Debug;
		};
		242D4FF71A64B6FA0026ABC6 /* Release */ = {
			isa = XCBuildConfiguration;
			buildSettings = {
				ALWAYS_SEARCH_USER_PATHS = NO;
				CLANG_CXX_LANGUAGE_STANDARD = "gnu++0x";
				CLANG_CXX_LIBRARY = "libc++";
				CLANG_ENABLE_MODULES = YES;
				CLANG_ENABLE_OBJC_ARC = YES;
				CLANG_WARN_BOOL_CONVERSION = YES;
				CLANG_WARN_CONSTANT_CONVERSION = YES;
				CLANG_WARN_DIRECT_OBJC_ISA_USAGE = YES_ERROR;
				CLANG_WARN_EMPTY_BODY = YES;
				CLANG_WARN_ENUM_CONVERSION = YES;
				CLANG_WARN_INT_CONVERSION = YES;
				CLANG_WARN_OBJC_ROOT_CLASS = YES_ERROR;
				CLANG_WARN_UNREACHABLE_CODE = YES;
				CLANG_WARN__DUPLICATE_METHOD_MATCH = YES;
				"CODE_SIGN_IDENTITY[sdk=iphoneos*]" = "iPhone Developer";
				COPY_PHASE_STRIP = YES;
				ENABLE_NS_ASSERTIONS = NO;
				ENABLE_STRICT_OBJC_MSGSEND = YES;
				GCC_C_LANGUAGE_STANDARD = gnu99;
				GCC_WARN_64_TO_32_BIT_CONVERSION = YES;
				GCC_WARN_ABOUT_RETURN_TYPE = YES_ERROR;
				GCC_WARN_UNDECLARED_SELECTOR = YES;
				GCC_WARN_UNINITIALIZED_AUTOS = YES_AGGRESSIVE;
				GCC_WARN_UNUSED_FUNCTION = YES;
				GCC_WARN_UNUSED_VARIABLE = YES;
				IPHONEOS_DEPLOYMENT_TARGET = 8.1;
				MTL_ENABLE_DEBUG_INFO = NO;
				SDKROOT = iphoneos;
				VALIDATE_PRODUCT = YES;
			};
			name = Release;
		};
		242D4FF91A64B6FA0026ABC6 /* Debug */ = {
			isa = XCBuildConfiguration;
			baseConfigurationReference = D1B559736D8D7A568B2FA04F /* Pods.debug.xcconfig */;
			buildSettings = {
				ASSETCATALOG_COMPILER_APPICON_NAME = AppIcon;
				CODE_SIGN_IDENTITY = "iPhone Developer";
				FRAMEWORK_SEARCH_PATHS = (
					"$(inherited)",
					"$(USER_LIBRARY_DIR)/Developer/Xcode/DerivedData/MVVMReactiveCocoa-dkjcswigkwolokaimgekabgjuzne/Build/Products/Debug",
					"$(PROJECT_DIR)/OctoKit/Carthage/Checkouts/ReactiveCocoa/build/Release-iphoneos",
					"$(PROJECT_DIR)/OctoKit/Carthage/Checkouts/Mantle/build/Debug-iphoneos",
					"$(PROJECT_DIR)/OctoKit/External/OctoKitDependencies/build/Debug-iphoneos",
				);
				GCC_PREFIX_HEADER = "MVVMReactiveCocoa/MVVMReactiveCocoa-Prefix.pch";
				HEADER_SEARCH_PATHS = (
					"\"${PODS_ROOT}/Headers/Public\"",
					"\"${PODS_ROOT}/Headers/Public/IQKeyboardManager\"",
					"\"${PODS_ROOT}/Headers/Public/MBProgressHUD\"",
					"\"${PODS_ROOT}/Headers/Public/Reveal-iOS-SDK\"",
					"\"${PODS_ROOT}/Headers/Public/SDWebImage\"",
					"\"${PODS_ROOT}/Headers/Public/SSKeychain\"",
					"$(BUILD_ROOT)/../IntermediateBuildFilesPath/UninstalledProducts/include",
					"$(CONFIGURATION_BUILD_DIR)/MMMarkdown-iOS/public/",
					"$(inherited)",
				);
				INFOPLIST_FILE = MVVMReactiveCocoa/Info.plist;
				IPHONEOS_DEPLOYMENT_TARGET = 8.0;
				LD_RUNPATH_SEARCH_PATHS = "$(inherited) @executable_path/Frameworks";
				LIBRARY_SEARCH_PATHS = (
					"$(inherited)",
					"$(PROJECT_DIR)/MMMarkdown/build/Debug-iphoneos",
				);
				PRODUCT_NAME = "$(TARGET_NAME)";
				PROVISIONING_PROFILE = "e72bccb2-9fef-4b7e-b064-f66fadcf4f36";
				TARGETED_DEVICE_FAMILY = "1,2";
			};
			name = Debug;
		};
		242D4FFA1A64B6FA0026ABC6 /* Release */ = {
			isa = XCBuildConfiguration;
			baseConfigurationReference = BFE8017449DC43C54C0B256E /* Pods.release.xcconfig */;
			buildSettings = {
				ASSETCATALOG_COMPILER_APPICON_NAME = AppIcon;
				CODE_SIGN_IDENTITY = "iPhone Developer";
				FRAMEWORK_SEARCH_PATHS = (
					"$(inherited)",
					"$(USER_LIBRARY_DIR)/Developer/Xcode/DerivedData/MVVMReactiveCocoa-dkjcswigkwolokaimgekabgjuzne/Build/Products/Debug",
					"$(PROJECT_DIR)/OctoKit/Carthage/Checkouts/ReactiveCocoa/build/Release-iphoneos",
					"$(PROJECT_DIR)/OctoKit/Carthage/Checkouts/Mantle/build/Debug-iphoneos",
					"$(PROJECT_DIR)/OctoKit/External/OctoKitDependencies/build/Debug-iphoneos",
				);
				GCC_PREFIX_HEADER = "MVVMReactiveCocoa/MVVMReactiveCocoa-Prefix.pch";
				HEADER_SEARCH_PATHS = (
					"\"${PODS_ROOT}/Headers/Public\"",
					"\"${PODS_ROOT}/Headers/Public/IQKeyboardManager\"",
					"\"${PODS_ROOT}/Headers/Public/MBProgressHUD\"",
					"\"${PODS_ROOT}/Headers/Public/Reveal-iOS-SDK\"",
					"\"${PODS_ROOT}/Headers/Public/SDWebImage\"",
					"\"${PODS_ROOT}/Headers/Public/SSKeychain\"",
					"$(BUILD_ROOT)/../IntermediateBuildFilesPath/UninstalledProducts/include",
					"$(CONFIGURATION_BUILD_DIR)/MMMarkdown-iOS/public/",
					"$(inherited)",
				);
				INFOPLIST_FILE = MVVMReactiveCocoa/Info.plist;
				IPHONEOS_DEPLOYMENT_TARGET = 8.0;
				LD_RUNPATH_SEARCH_PATHS = "$(inherited) @executable_path/Frameworks";
				LIBRARY_SEARCH_PATHS = (
					"$(inherited)",
					"$(PROJECT_DIR)/MMMarkdown/build/Debug-iphoneos",
				);
				PRODUCT_NAME = "$(TARGET_NAME)";
				PROVISIONING_PROFILE = "e72bccb2-9fef-4b7e-b064-f66fadcf4f36";
				TARGETED_DEVICE_FAMILY = "1,2";
			};
			name = Release;
		};
		242D4FFC1A64B6FA0026ABC6 /* Debug */ = {
			isa = XCBuildConfiguration;
			baseConfigurationReference = D1B559736D8D7A568B2FA04F /* Pods.debug.xcconfig */;
			buildSettings = {
				BUNDLE_LOADER = "$(TEST_HOST)";
				FRAMEWORK_SEARCH_PATHS = (
					"$(SDKROOT)/Developer/Library/Frameworks",
					"$(inherited)",
					"$(USER_LIBRARY_DIR)/Developer/Xcode/DerivedData/MVVMReactiveCocoa-dkjcswigkwolokaimgekabgjuzne/Build/Products/Debug",
				);
				GCC_PREFIX_HEADER = "MVVMReactiveCocoa/MVVMReactiveCocoa-Prefix.pch";
				GCC_PREPROCESSOR_DEFINITIONS = (
					"DEBUG=1",
					"$(inherited)",
				);
				INFOPLIST_FILE = MVVMReactiveCocoaTests/Info.plist;
				LD_RUNPATH_SEARCH_PATHS = "$(inherited) @executable_path/Frameworks @loader_path/Frameworks";
				PRODUCT_NAME = "$(TARGET_NAME)";
				TEST_HOST = "$(BUILT_PRODUCTS_DIR)/MVVMReactiveCocoa.app/MVVMReactiveCocoa";
			};
			name = Debug;
		};
		242D4FFD1A64B6FA0026ABC6 /* Release */ = {
			isa = XCBuildConfiguration;
			baseConfigurationReference = BFE8017449DC43C54C0B256E /* Pods.release.xcconfig */;
			buildSettings = {
				BUNDLE_LOADER = "$(TEST_HOST)";
				FRAMEWORK_SEARCH_PATHS = (
					"$(SDKROOT)/Developer/Library/Frameworks",
					"$(inherited)",
					"$(USER_LIBRARY_DIR)/Developer/Xcode/DerivedData/MVVMReactiveCocoa-dkjcswigkwolokaimgekabgjuzne/Build/Products/Debug",
				);
				GCC_PREFIX_HEADER = "MVVMReactiveCocoa/MVVMReactiveCocoa-Prefix.pch";
				INFOPLIST_FILE = MVVMReactiveCocoaTests/Info.plist;
				LD_RUNPATH_SEARCH_PATHS = "$(inherited) @executable_path/Frameworks @loader_path/Frameworks";
				PRODUCT_NAME = "$(TARGET_NAME)";
				TEST_HOST = "$(BUILT_PRODUCTS_DIR)/MVVMReactiveCocoa.app/MVVMReactiveCocoa";
			};
			name = Release;
		};
/* End XCBuildConfiguration section */

/* Begin XCConfigurationList section */
		242D4FD01A64B6FA0026ABC6 /* Build configuration list for PBXProject "MVVMReactiveCocoa" */ = {
			isa = XCConfigurationList;
			buildConfigurations = (
				242D4FF61A64B6FA0026ABC6 /* Debug */,
				242D4FF71A64B6FA0026ABC6 /* Release */,
			);
			defaultConfigurationIsVisible = 0;
			defaultConfigurationName = Release;
		};
		242D4FF81A64B6FA0026ABC6 /* Build configuration list for PBXNativeTarget "MVVMReactiveCocoa" */ = {
			isa = XCConfigurationList;
			buildConfigurations = (
				242D4FF91A64B6FA0026ABC6 /* Debug */,
				242D4FFA1A64B6FA0026ABC6 /* Release */,
			);
			defaultConfigurationIsVisible = 0;
			defaultConfigurationName = Release;
		};
		242D4FFB1A64B6FA0026ABC6 /* Build configuration list for PBXNativeTarget "MVVMReactiveCocoaTests" */ = {
			isa = XCConfigurationList;
			buildConfigurations = (
				242D4FFC1A64B6FA0026ABC6 /* Debug */,
				242D4FFD1A64B6FA0026ABC6 /* Release */,
			);
			defaultConfigurationIsVisible = 0;
			defaultConfigurationName = Release;
		};
/* End XCConfigurationList section */
	};
	rootObject = 242D4FCD1A64B6FA0026ABC6 /* Project object */;
}
